// !$*UTF8*$!
{
	archiveVersion = 1;
	classes = {
	};
	objectVersion = 55;
	objects = {

/* Begin PBXBuildFile section */
		EA04D86F283B827E00B7AED2 /* SignUpModel.swift in Sources */ = {isa = PBXBuildFile; fileRef = EA04D86E283B827E00B7AED2 /* SignUpModel.swift */; };
		EA04D877283B8C7D00B7AED2 /* UserProfileSelectView.swift in Sources */ = {isa = PBXBuildFile; fileRef = EA04D876283B8C7D00B7AED2 /* UserProfileSelectView.swift */; };
		EA04D87C283B91D600B7AED2 /* UserProfileView.swift in Sources */ = {isa = PBXBuildFile; fileRef = EA04D87B283B91D600B7AED2 /* UserProfileView.swift */; };
		EA04D87F283B91F700B7AED2 /* UserProfileViewModel.swift in Sources */ = {isa = PBXBuildFile; fileRef = EA04D87E283B91F700B7AED2 /* UserProfileViewModel.swift */; };
		EA04D881283B923B00B7AED2 /* UserProfileModel.swift in Sources */ = {isa = PBXBuildFile; fileRef = EA04D880283B923B00B7AED2 /* UserProfileModel.swift */; };
		EA04D883283B965700B7AED2 /* UserProfileSelectViewModel.swift in Sources */ = {isa = PBXBuildFile; fileRef = EA04D882283B965700B7AED2 /* UserProfileSelectViewModel.swift */; };
		EA04D885283CAD9F00B7AED2 /* CurrentUserProfileModel.swift in Sources */ = {isa = PBXBuildFile; fileRef = EA04D884283CAD9F00B7AED2 /* CurrentUserProfileModel.swift */; };
		EA04D88C283CD11500B7AED2 /* AddUserProfileView.swift in Sources */ = {isa = PBXBuildFile; fileRef = EA04D88B283CD11500B7AED2 /* AddUserProfileView.swift */; };
		EA04D890283CF37100B7AED2 /* AddUserProfileViewModel.swift in Sources */ = {isa = PBXBuildFile; fileRef = EA04D88F283CF37100B7AED2 /* AddUserProfileViewModel.swift */; };
		EA04D892283CF64200B7AED2 /* AddUserProfileModel.swift in Sources */ = {isa = PBXBuildFile; fileRef = EA04D891283CF64200B7AED2 /* AddUserProfileModel.swift */; };
		EA36C5132807FECE002369EE /* PaperfulApp.swift in Sources */ = {isa = PBXBuildFile; fileRef = EA36C5122807FECE002369EE /* PaperfulApp.swift */; };
		EA36C5152807FECE002369EE /* ContentView.swift in Sources */ = {isa = PBXBuildFile; fileRef = EA36C5142807FECE002369EE /* ContentView.swift */; };
		EA36C5172807FECF002369EE /* Assets.xcassets in Resources */ = {isa = PBXBuildFile; fileRef = EA36C5162807FECF002369EE /* Assets.xcassets */; };
		EA36C51A2807FECF002369EE /* Preview Assets.xcassets in Resources */ = {isa = PBXBuildFile; fileRef = EA36C5192807FECF002369EE /* Preview Assets.xcassets */; };
		EA36C53B28081B5A002369EE /* ThumbnailView.swift in Sources */ = {isa = PBXBuildFile; fileRef = EA36C53A28081B5A002369EE /* ThumbnailView.swift */; };
		EA36C53D28081BBD002369EE /* HomeModel.swift in Sources */ = {isa = PBXBuildFile; fileRef = EA36C53C28081BBD002369EE /* HomeModel.swift */; };
		EA36C53F28081D09002369EE /* ThumbnailViewModel.swift in Sources */ = {isa = PBXBuildFile; fileRef = EA36C53E28081D09002369EE /* ThumbnailViewModel.swift */; };
		EA72AFE2282ED6C800F5892B /* ColorExtension.swift in Sources */ = {isa = PBXBuildFile; fileRef = EA72AFE1282ED6C800F5892B /* ColorExtension.swift */; };
		EA72AFE4282FDE7C00F5892B /* NotificationViewModel.swift in Sources */ = {isa = PBXBuildFile; fileRef = EA72AFE3282FDE7C00F5892B /* NotificationViewModel.swift */; };
		EA72AFEA28301C3A00F5892B /* LoginView.swift in Sources */ = {isa = PBXBuildFile; fileRef = EA72AFE928301C3A00F5892B /* LoginView.swift */; };
		EA72AFEC2830333A00F5892B /* LoginViewModel.swift in Sources */ = {isa = PBXBuildFile; fileRef = EA72AFEB2830333A00F5892B /* LoginViewModel.swift */; };
		EA72AFEE2831014900F5892B /* LoginTokenModel.swift in Sources */ = {isa = PBXBuildFile; fileRef = EA72AFED2831014900F5892B /* LoginTokenModel.swift */; };
		EA72AFF428321F9200F5892B /* SelectFormView.swift in Sources */ = {isa = PBXBuildFile; fileRef = EA72AFF328321F9200F5892B /* SelectFormView.swift */; };
		EA72AFF92832217500F5892B /* FormView.swift in Sources */ = {isa = PBXBuildFile; fileRef = EA72AFF82832217500F5892B /* FormView.swift */; };
		EA72AFFB283239D200F5892B /* FormViewModel.swift in Sources */ = {isa = PBXBuildFile; fileRef = EA72AFFA283239D200F5892B /* FormViewModel.swift */; };
		EA72AFFD28323A2100F5892B /* FormModel.swift in Sources */ = {isa = PBXBuildFile; fileRef = EA72AFFC28323A2100F5892B /* FormModel.swift */; };
		EA72AFFF28323C8000F5892B /* SelectFormViewModel.swift in Sources */ = {isa = PBXBuildFile; fileRef = EA72AFFE28323C8000F5892B /* SelectFormViewModel.swift */; };
		EA72B0012832517600F5892B /* EditGeneralModel.swift in Sources */ = {isa = PBXBuildFile; fileRef = EA72B0002832517600F5892B /* EditGeneralModel.swift */; };
		EA72B00728329BD300F5892B /* PrewviewView_General.swift in Sources */ = {isa = PBXBuildFile; fileRef = EA72B00628329BD300F5892B /* PrewviewView_General.swift */; };
		EA72B0092834E50F00F5892B /* ImagePicker.swift in Sources */ = {isa = PBXBuildFile; fileRef = EA72B0082834E50F00F5892B /* ImagePicker.swift */; };
		EA72B00E2834E8A500F5892B /* PrewviewViewModel_General.swift in Sources */ = {isa = PBXBuildFile; fileRef = EA72B00D2834E8A500F5892B /* PrewviewViewModel_General.swift */; };
		EA72B0102834E9C400F5892B /* EditThumbnailImageView_General.swift in Sources */ = {isa = PBXBuildFile; fileRef = EA72B00F2834E9C400F5892B /* EditThumbnailImageView_General.swift */; };
		EA72B0122835F8AF00F5892B /* EditThumbnailViewModel_General.swift in Sources */ = {isa = PBXBuildFile; fileRef = EA72B0112835F8AE00F5892B /* EditThumbnailViewModel_General.swift */; };
		EA72B0162835FD9C00F5892B /* EditThumbnailView.swift in Sources */ = {isa = PBXBuildFile; fileRef = EA72B0152835FD9C00F5892B /* EditThumbnailView.swift */; };
		EA72B0192835FEE000F5892B /* EditThumbnailViewModel.swift in Sources */ = {isa = PBXBuildFile; fileRef = EA72B0182835FEDF00F5892B /* EditThumbnailViewModel.swift */; };
		EA72B0212836775F00F5892B /* Mantis in Frameworks */ = {isa = PBXBuildFile; productRef = EA72B0202836775F00F5892B /* Mantis */; };
		EA72B023283678B700F5892B /* ImageCropper.swift in Sources */ = {isa = PBXBuildFile; fileRef = EA72B022283678B700F5892B /* ImageCropper.swift */; };
		EA72B0252836C25800F5892B /* hideKeyboardExtention.swift in Sources */ = {isa = PBXBuildFile; fileRef = EA72B0242836C25700F5892B /* hideKeyboardExtention.swift */; };
		EA72B02B2837331000F5892B /* SignUpView.swift in Sources */ = {isa = PBXBuildFile; fileRef = EA72B02A2837331000F5892B /* SignUpView.swift */; };
		EA72B02D28377B9800F5892B /* SignUpViewModel.swift in Sources */ = {isa = PBXBuildFile; fileRef = EA72B02C28377B9700F5892B /* SignUpViewModel.swift */; };
		EA7A58B12842546700E6648A /* DetailView_General.swift in Sources */ = {isa = PBXBuildFile; fileRef = EA7A58B02842546700E6648A /* DetailView_General.swift */; };
		EA7A58B4284255E800E6648A /* DetailViewModel_General.swift in Sources */ = {isa = PBXBuildFile; fileRef = EA7A58B3284255E800E6648A /* DetailViewModel_General.swift */; };
		EA7A58B6284260BF00E6648A /* PostModel.swift in Sources */ = {isa = PBXBuildFile; fileRef = EA7A58B5284260BF00E6648A /* PostModel.swift */; };
		EA7EBB48282923D4007B4981 /* SwiftUIPullToRefresh in Frameworks */ = {isa = PBXBuildFile; productRef = EA7EBB47282923D4007B4981 /* SwiftUIPullToRefresh */; };
		EA7EBB4B28292980007B4981 /* Alamofire in Frameworks */ = {isa = PBXBuildFile; productRef = EA7EBB4A28292980007B4981 /* Alamofire */; };
		EA7EBB4E28292CB2007B4981 /* request.swift in Sources */ = {isa = PBXBuildFile; fileRef = EA7EBB4D28292CB2007B4981 /* request.swift */; };
		EAB3EFBC28113CFF007BF1B9 /* HomeView.swift in Sources */ = {isa = PBXBuildFile; fileRef = EAB3EFBB28113CFF007BF1B9 /* HomeView.swift */; };
		EAB3EFC028119E52007BF1B9 /* ThumbnailViewListView.swift in Sources */ = {isa = PBXBuildFile; fileRef = EAB3EFBF28119E52007BF1B9 /* ThumbnailViewListView.swift */; };
		EAD032E7281A633300705F42 /* EditContentView.swift in Sources */ = {isa = PBXBuildFile; fileRef = EAD032E6281A633300705F42 /* EditContentView.swift */; };
		EAD032ED281AB1B900705F42 /* GlobalData.swift in Sources */ = {isa = PBXBuildFile; fileRef = EAD032EC281AB1B900705F42 /* GlobalData.swift */; };
		EAF32C7A2812BCD7003F15FE /* EditTitleView.swift in Sources */ = {isa = PBXBuildFile; fileRef = EAF32C792812BCD7003F15FE /* EditTitleView.swift */; };
		EAF32C812812C3D3003F15FE /* NotificationView.swift in Sources */ = {isa = PBXBuildFile; fileRef = EAF32C802812C3D3003F15FE /* NotificationView.swift */; };
		EAFE25A9282A733E009F899F /* DataService.swift in Sources */ = {isa = PBXBuildFile; fileRef = EAFE25A8282A733E009F899F /* DataService.swift */; };
		EAFE25AC282D2060009F899F /* ThumbnailViewListViewModel.swift in Sources */ = {isa = PBXBuildFile; fileRef = EAFE25AB282D2060009F899F /* ThumbnailViewListViewModel.swift */; };
/* End PBXBuildFile section */

/* Begin PBXFileReference section */
		EA04D86E283B827E00B7AED2 /* SignUpModel.swift */ = {isa = PBXFileReference; lastKnownFileType = sourcecode.swift; path = SignUpModel.swift; sourceTree = "<group>"; };
		EA04D876283B8C7D00B7AED2 /* UserProfileSelectView.swift */ = {isa = PBXFileReference; lastKnownFileType = sourcecode.swift; path = UserProfileSelectView.swift; sourceTree = "<group>"; };
		EA04D87B283B91D600B7AED2 /* UserProfileView.swift */ = {isa = PBXFileReference; lastKnownFileType = sourcecode.swift; path = UserProfileView.swift; sourceTree = "<group>"; };
		EA04D87E283B91F700B7AED2 /* UserProfileViewModel.swift */ = {isa = PBXFileReference; lastKnownFileType = sourcecode.swift; path = UserProfileViewModel.swift; sourceTree = "<group>"; };
		EA04D880283B923B00B7AED2 /* UserProfileModel.swift */ = {isa = PBXFileReference; lastKnownFileType = sourcecode.swift; path = UserProfileModel.swift; sourceTree = "<group>"; };
		EA04D882283B965700B7AED2 /* UserProfileSelectViewModel.swift */ = {isa = PBXFileReference; lastKnownFileType = sourcecode.swift; path = UserProfileSelectViewModel.swift; sourceTree = "<group>"; };
		EA04D884283CAD9F00B7AED2 /* CurrentUserProfileModel.swift */ = {isa = PBXFileReference; lastKnownFileType = sourcecode.swift; path = CurrentUserProfileModel.swift; sourceTree = "<group>"; };
		EA04D88B283CD11500B7AED2 /* AddUserProfileView.swift */ = {isa = PBXFileReference; lastKnownFileType = sourcecode.swift; path = AddUserProfileView.swift; sourceTree = "<group>"; };
		EA04D88F283CF37100B7AED2 /* AddUserProfileViewModel.swift */ = {isa = PBXFileReference; lastKnownFileType = sourcecode.swift; path = AddUserProfileViewModel.swift; sourceTree = "<group>"; };
		EA04D891283CF64200B7AED2 /* AddUserProfileModel.swift */ = {isa = PBXFileReference; lastKnownFileType = sourcecode.swift; path = AddUserProfileModel.swift; sourceTree = "<group>"; };
		EA36C50F2807FECE002369EE /* Paperful.app */ = {isa = PBXFileReference; explicitFileType = wrapper.application; includeInIndex = 0; path = Paperful.app; sourceTree = BUILT_PRODUCTS_DIR; };
		EA36C5122807FECE002369EE /* PaperfulApp.swift */ = {isa = PBXFileReference; lastKnownFileType = sourcecode.swift; path = PaperfulApp.swift; sourceTree = "<group>"; };
		EA36C5142807FECE002369EE /* ContentView.swift */ = {isa = PBXFileReference; lastKnownFileType = sourcecode.swift; path = ContentView.swift; sourceTree = "<group>"; };
		EA36C5162807FECF002369EE /* Assets.xcassets */ = {isa = PBXFileReference; lastKnownFileType = folder.assetcatalog; path = Assets.xcassets; sourceTree = "<group>"; };
		EA36C5192807FECF002369EE /* Preview Assets.xcassets */ = {isa = PBXFileReference; lastKnownFileType = folder.assetcatalog; path = "Preview Assets.xcassets"; sourceTree = "<group>"; };
		EA36C53A28081B5A002369EE /* ThumbnailView.swift */ = {isa = PBXFileReference; lastKnownFileType = sourcecode.swift; path = ThumbnailView.swift; sourceTree = "<group>"; };
		EA36C53C28081BBD002369EE /* HomeModel.swift */ = {isa = PBXFileReference; lastKnownFileType = sourcecode.swift; path = HomeModel.swift; sourceTree = "<group>"; };
		EA36C53E28081D09002369EE /* ThumbnailViewModel.swift */ = {isa = PBXFileReference; lastKnownFileType = sourcecode.swift; path = ThumbnailViewModel.swift; sourceTree = "<group>"; };
		EA72AFE1282ED6C800F5892B /* ColorExtension.swift */ = {isa = PBXFileReference; lastKnownFileType = sourcecode.swift; path = ColorExtension.swift; sourceTree = "<group>"; };
		EA72AFE3282FDE7C00F5892B /* NotificationViewModel.swift */ = {isa = PBXFileReference; lastKnownFileType = sourcecode.swift; path = NotificationViewModel.swift; sourceTree = "<group>"; };
		EA72AFE928301C3A00F5892B /* LoginView.swift */ = {isa = PBXFileReference; lastKnownFileType = sourcecode.swift; path = LoginView.swift; sourceTree = "<group>"; };
		EA72AFEB2830333A00F5892B /* LoginViewModel.swift */ = {isa = PBXFileReference; lastKnownFileType = sourcecode.swift; path = LoginViewModel.swift; sourceTree = "<group>"; };
		EA72AFED2831014900F5892B /* LoginTokenModel.swift */ = {isa = PBXFileReference; lastKnownFileType = sourcecode.swift; path = LoginTokenModel.swift; sourceTree = "<group>"; };
		EA72AFF328321F9200F5892B /* SelectFormView.swift */ = {isa = PBXFileReference; lastKnownFileType = sourcecode.swift; path = SelectFormView.swift; sourceTree = "<group>"; };
		EA72AFF82832217500F5892B /* FormView.swift */ = {isa = PBXFileReference; lastKnownFileType = sourcecode.swift; path = FormView.swift; sourceTree = "<group>"; };
		EA72AFFA283239D200F5892B /* FormViewModel.swift */ = {isa = PBXFileReference; lastKnownFileType = sourcecode.swift; path = FormViewModel.swift; sourceTree = "<group>"; };
		EA72AFFC28323A2100F5892B /* FormModel.swift */ = {isa = PBXFileReference; lastKnownFileType = sourcecode.swift; path = FormModel.swift; sourceTree = "<group>"; };
		EA72AFFE28323C8000F5892B /* SelectFormViewModel.swift */ = {isa = PBXFileReference; lastKnownFileType = sourcecode.swift; path = SelectFormViewModel.swift; sourceTree = "<group>"; };
		EA72B0002832517600F5892B /* EditGeneralModel.swift */ = {isa = PBXFileReference; lastKnownFileType = sourcecode.swift; path = EditGeneralModel.swift; sourceTree = "<group>"; };
		EA72B00628329BD300F5892B /* PrewviewView_General.swift */ = {isa = PBXFileReference; lastKnownFileType = sourcecode.swift; path = PrewviewView_General.swift; sourceTree = "<group>"; };
		EA72B0082834E50F00F5892B /* ImagePicker.swift */ = {isa = PBXFileReference; lastKnownFileType = sourcecode.swift; path = ImagePicker.swift; sourceTree = "<group>"; };
		EA72B00D2834E8A500F5892B /* PrewviewViewModel_General.swift */ = {isa = PBXFileReference; lastKnownFileType = sourcecode.swift; path = PrewviewViewModel_General.swift; sourceTree = "<group>"; };
		EA72B00F2834E9C400F5892B /* EditThumbnailImageView_General.swift */ = {isa = PBXFileReference; lastKnownFileType = sourcecode.swift; path = EditThumbnailImageView_General.swift; sourceTree = "<group>"; };
		EA72B0112835F8AE00F5892B /* EditThumbnailViewModel_General.swift */ = {isa = PBXFileReference; lastKnownFileType = sourcecode.swift; path = EditThumbnailViewModel_General.swift; sourceTree = "<group>"; };
		EA72B0152835FD9C00F5892B /* EditThumbnailView.swift */ = {isa = PBXFileReference; lastKnownFileType = sourcecode.swift; path = EditThumbnailView.swift; sourceTree = "<group>"; };
		EA72B0182835FEDF00F5892B /* EditThumbnailViewModel.swift */ = {isa = PBXFileReference; lastKnownFileType = sourcecode.swift; path = EditThumbnailViewModel.swift; sourceTree = "<group>"; };
		EA72B022283678B700F5892B /* ImageCropper.swift */ = {isa = PBXFileReference; lastKnownFileType = sourcecode.swift; path = ImageCropper.swift; sourceTree = "<group>"; };
		EA72B0242836C25700F5892B /* hideKeyboardExtention.swift */ = {isa = PBXFileReference; lastKnownFileType = sourcecode.swift; path = hideKeyboardExtention.swift; sourceTree = "<group>"; };
		EA72B02A2837331000F5892B /* SignUpView.swift */ = {isa = PBXFileReference; lastKnownFileType = sourcecode.swift; path = SignUpView.swift; sourceTree = "<group>"; };
		EA72B02C28377B9700F5892B /* SignUpViewModel.swift */ = {isa = PBXFileReference; lastKnownFileType = sourcecode.swift; path = SignUpViewModel.swift; sourceTree = "<group>"; };
		EA7A58B02842546700E6648A /* DetailView_General.swift */ = {isa = PBXFileReference; lastKnownFileType = sourcecode.swift; path = DetailView_General.swift; sourceTree = "<group>"; };
		EA7A58B3284255E800E6648A /* DetailViewModel_General.swift */ = {isa = PBXFileReference; lastKnownFileType = sourcecode.swift; path = DetailViewModel_General.swift; sourceTree = "<group>"; };
		EA7A58B5284260BF00E6648A /* PostModel.swift */ = {isa = PBXFileReference; lastKnownFileType = sourcecode.swift; path = PostModel.swift; sourceTree = "<group>"; };
		EA7EBB4D28292CB2007B4981 /* request.swift */ = {isa = PBXFileReference; lastKnownFileType = sourcecode.swift; path = request.swift; sourceTree = "<group>"; };
		EAB3EFBB28113CFF007BF1B9 /* HomeView.swift */ = {isa = PBXFileReference; lastKnownFileType = sourcecode.swift; path = HomeView.swift; sourceTree = "<group>"; };
		EAB3EFBF28119E52007BF1B9 /* ThumbnailViewListView.swift */ = {isa = PBXFileReference; lastKnownFileType = sourcecode.swift; path = ThumbnailViewListView.swift; sourceTree = "<group>"; };
		EAD032E6281A633300705F42 /* EditContentView.swift */ = {isa = PBXFileReference; lastKnownFileType = sourcecode.swift; path = EditContentView.swift; sourceTree = "<group>"; };
		EAD032EC281AB1B900705F42 /* GlobalData.swift */ = {isa = PBXFileReference; lastKnownFileType = sourcecode.swift; path = GlobalData.swift; sourceTree = "<group>"; };
		EAE46703281BF78200276FC1 /* Info.plist */ = {isa = PBXFileReference; lastKnownFileType = text.plist; path = Info.plist; sourceTree = "<group>"; };
		EAF32C792812BCD7003F15FE /* EditTitleView.swift */ = {isa = PBXFileReference; lastKnownFileType = sourcecode.swift; path = EditTitleView.swift; sourceTree = "<group>"; };
		EAF32C802812C3D3003F15FE /* NotificationView.swift */ = {isa = PBXFileReference; lastKnownFileType = sourcecode.swift; path = NotificationView.swift; sourceTree = "<group>"; };
		EAFE25A8282A733E009F899F /* DataService.swift */ = {isa = PBXFileReference; lastKnownFileType = sourcecode.swift; path = DataService.swift; sourceTree = "<group>"; };
		EAFE25AB282D2060009F899F /* ThumbnailViewListViewModel.swift */ = {isa = PBXFileReference; lastKnownFileType = sourcecode.swift; path = ThumbnailViewListViewModel.swift; sourceTree = "<group>"; };
/* End PBXFileReference section */

/* Begin PBXFrameworksBuildPhase section */
		EA36C50C2807FECE002369EE /* Frameworks */ = {
			isa = PBXFrameworksBuildPhase;
			buildActionMask = 2147483647;
			files = (
				EA72B0212836775F00F5892B /* Mantis in Frameworks */,
				EA7EBB48282923D4007B4981 /* SwiftUIPullToRefresh in Frameworks */,
				EA7EBB4B28292980007B4981 /* Alamofire in Frameworks */,
			);
			runOnlyForDeploymentPostprocessing = 0;
		};
/* End PBXFrameworksBuildPhase section */

/* Begin PBXGroup section */
		EA04D870283B8AAE00B7AED2 /* UserProfileSelectView */ = {
			isa = PBXGroup;
			children = (
				EA04D878283B91B900B7AED2 /* UserProfileImage */,
				EA04D871283B8AD200B7AED2 /* UserProfileSelect */,
			);
			path = UserProfileSelectView;
			sourceTree = "<group>";
		};
		EA04D871283B8AD200B7AED2 /* UserProfileSelect */ = {
			isa = PBXGroup;
			children = (
				EA04D873283B8ADF00B7AED2 /* View */,
				EA04D872283B8ADB00B7AED2 /* ViewModel */,
			);
			path = UserProfileSelect;
			sourceTree = "<group>";
		};
		EA04D872283B8ADB00B7AED2 /* ViewModel */ = {
			isa = PBXGroup;
			children = (
				EA04D882283B965700B7AED2 /* UserProfileSelectViewModel.swift */,
			);
			path = ViewModel;
			sourceTree = "<group>";
		};
		EA04D873283B8ADF00B7AED2 /* View */ = {
			isa = PBXGroup;
			children = (
				EA04D876283B8C7D00B7AED2 /* UserProfileSelectView.swift */,
			);
			path = View;
			sourceTree = "<group>";
		};
		EA04D878283B91B900B7AED2 /* UserProfileImage */ = {
			isa = PBXGroup;
			children = (
				EA04D87A283B91C800B7AED2 /* View */,
				EA04D879283B91C300B7AED2 /* ViewModel */,
			);
			path = UserProfileImage;
			sourceTree = "<group>";
		};
		EA04D879283B91C300B7AED2 /* ViewModel */ = {
			isa = PBXGroup;
			children = (
				EA04D87E283B91F700B7AED2 /* UserProfileViewModel.swift */,
			);
			path = ViewModel;
			sourceTree = "<group>";
		};
		EA04D87A283B91C800B7AED2 /* View */ = {
			isa = PBXGroup;
			children = (
				EA04D87B283B91D600B7AED2 /* UserProfileView.swift */,
			);
			path = View;
			sourceTree = "<group>";
		};
		EA04D886283CB5E200B7AED2 /* AddUserProfileView */ = {
			isa = PBXGroup;
			children = (
				EA04D887283CB5F400B7AED2 /* AddUserProfile */,
			);
			path = AddUserProfileView;
			sourceTree = "<group>";
		};
		EA04D887283CB5F400B7AED2 /* AddUserProfile */ = {
			isa = PBXGroup;
			children = (
				EA04D889283CB60600B7AED2 /* View */,
				EA04D888283CB5FD00B7AED2 /* ViewModel */,
			);
			path = AddUserProfile;
			sourceTree = "<group>";
		};
		EA04D888283CB5FD00B7AED2 /* ViewModel */ = {
			isa = PBXGroup;
			children = (
				EA04D88F283CF37100B7AED2 /* AddUserProfileViewModel.swift */,
			);
			path = ViewModel;
			sourceTree = "<group>";
		};
		EA04D889283CB60600B7AED2 /* View */ = {
			isa = PBXGroup;
			children = (
				EA04D88B283CD11500B7AED2 /* AddUserProfileView.swift */,
			);
			path = View;
			sourceTree = "<group>";
		};
		EA36C5062807FECE002369EE = {
			isa = PBXGroup;
			children = (
				EA36C5112807FECE002369EE /* Paperful */,
				EA36C5102807FECE002369EE /* Products */,
			);
			sourceTree = "<group>";
		};
		EA36C5102807FECE002369EE /* Products */ = {
			isa = PBXGroup;
			children = (
				EA36C50F2807FECE002369EE /* Paperful.app */,
			);
			name = Products;
			sourceTree = "<group>";
		};
		EA36C5112807FECE002369EE /* Paperful */ = {
			isa = PBXGroup;
			children = (
				EAE46703281BF78200276FC1 /* Info.plist */,
				EA36C52028081387002369EE /* Application */,
				EA36C521280813C5002369EE /* Domain */,
				EA36C52528081401002369EE /* Presentation */,
				EA36C5262808140D002369EE /* Data */,
				EA36C52F28081540002369EE /* Resources */,
				EA36C5182807FECF002369EE /* Preview Content */,
			);
			path = Paperful;
			sourceTree = "<group>";
		};
		EA36C5182807FECF002369EE /* Preview Content */ = {
			isa = PBXGroup;
			children = (
				EA36C5192807FECF002369EE /* Preview Assets.xcassets */,
			);
			path = "Preview Content";
			sourceTree = "<group>";
		};
		EA36C52028081387002369EE /* Application */ = {
			isa = PBXGroup;
			children = (
				EA36C5122807FECE002369EE /* PaperfulApp.swift */,
				EAD032EC281AB1B900705F42 /* GlobalData.swift */,
			);
			path = Application;
			sourceTree = "<group>";
		};
		EA36C521280813C5002369EE /* Domain */ = {
			isa = PBXGroup;
			children = (
				EA36C522280813CF002369EE /* Entities */,
				EA36C523280813D6002369EE /* UseCases */,
				EA36C524280813DD002369EE /* Interfaces */,
			);
			path = Domain;
			sourceTree = "<group>";
		};
		EA36C522280813CF002369EE /* Entities */ = {
			isa = PBXGroup;
			children = (
				EA36C53C28081BBD002369EE /* HomeModel.swift */,
				EA72AFED2831014900F5892B /* LoginTokenModel.swift */,
				EA72AFFC28323A2100F5892B /* FormModel.swift */,
				EA72B0002832517600F5892B /* EditGeneralModel.swift */,
				EA04D86E283B827E00B7AED2 /* SignUpModel.swift */,
				EA04D880283B923B00B7AED2 /* UserProfileModel.swift */,
				EA04D884283CAD9F00B7AED2 /* CurrentUserProfileModel.swift */,
				EA04D891283CF64200B7AED2 /* AddUserProfileModel.swift */,
				EA7A58B5284260BF00E6648A /* PostModel.swift */,
			);
			path = Entities;
			sourceTree = "<group>";
		};
		EA36C523280813D6002369EE /* UseCases */ = {
			isa = PBXGroup;
			children = (
				EAFE25A8282A733E009F899F /* DataService.swift */,
				EA72B0082834E50F00F5892B /* ImagePicker.swift */,
				EA72B022283678B700F5892B /* ImageCropper.swift */,
				EA72B0242836C25700F5892B /* hideKeyboardExtention.swift */,
			);
			path = UseCases;
			sourceTree = "<group>";
		};
		EA36C524280813DD002369EE /* Interfaces */ = {
			isa = PBXGroup;
			children = (
				EA36C52828081468002369EE /* Repositories */,
			);
			path = Interfaces;
			sourceTree = "<group>";
		};
		EA36C52528081401002369EE /* Presentation */ = {
			isa = PBXGroup;
			children = (
				EA36C52D2808151D002369EE /* ContetntView */,
				EA72AFE528301BFF00F5892B /* LoginView */,
				EA72B026283732D400F5892B /* SignUpView */,
				EA04D870283B8AAE00B7AED2 /* UserProfileSelectView */,
				EA04D886283CB5E200B7AED2 /* AddUserProfileView */,
				EA36C53028081603002369EE /* HomeView */,
				EA72AFEF28321F2000F5892B /* SelectFormView */,
				EAF32C752812BC44003F15FE /* EditPageView_General */,
				EAF32C7C2812C35F003F15FE /* NotificationView */,
			);
			path = Presentation;
			sourceTree = "<group>";
		};
		EA36C5262808140D002369EE /* Data */ = {
			isa = PBXGroup;
			children = (
				EA36C5272808144E002369EE /* Repositories */,
				EA36C5292808147B002369EE /* Network */,
				EA36C52B280814B8002369EE /* PersistentStorages */,
			);
			path = Data;
			sourceTree = "<group>";
		};
		EA36C5272808144E002369EE /* Repositories */ = {
			isa = PBXGroup;
			children = (
			);
			path = Repositories;
			sourceTree = "<group>";
		};
		EA36C52828081468002369EE /* Repositories */ = {
			isa = PBXGroup;
			children = (
			);
			path = Repositories;
			sourceTree = "<group>";
		};
		EA36C5292808147B002369EE /* Network */ = {
			isa = PBXGroup;
			children = (
				EA7EBB4C28292C60007B4981 /* ServerCommunication */,
			);
			path = Network;
			sourceTree = "<group>";
		};
		EA36C52B280814B8002369EE /* PersistentStorages */ = {
			isa = PBXGroup;
			children = (
				EA36C52C280814C3002369EE /* CoreDataStorage */,
			);
			path = PersistentStorages;
			sourceTree = "<group>";
		};
		EA36C52C280814C3002369EE /* CoreDataStorage */ = {
			isa = PBXGroup;
			children = (
			);
			path = CoreDataStorage;
			sourceTree = "<group>";
		};
		EA36C52D2808151D002369EE /* ContetntView */ = {
			isa = PBXGroup;
			children = (
				EA36C52E2808152F002369EE /* View */,
			);
			path = ContetntView;
			sourceTree = "<group>";
		};
		EA36C52E2808152F002369EE /* View */ = {
			isa = PBXGroup;
			children = (
				EA36C5142807FECE002369EE /* ContentView.swift */,
			);
			path = View;
			sourceTree = "<group>";
		};
		EA36C52F28081540002369EE /* Resources */ = {
			isa = PBXGroup;
			children = (
				EA36C5162807FECF002369EE /* Assets.xcassets */,
				EA72AFE1282ED6C800F5892B /* ColorExtension.swift */,
			);
			path = Resources;
			sourceTree = "<group>";
		};
		EA36C53028081603002369EE /* HomeView */ = {
			isa = PBXGroup;
			children = (
				EA36C53128081804002369EE /* Home */,
				EAB3EFBD28119E1A007BF1B9 /* ThumbnailList */,
				EA36C534280818BC002369EE /* Thumbnail */,
				EA7A58AC284253E800E6648A /* DetailView_General */,
			);
			path = HomeView;
			sourceTree = "<group>";
		};
		EA36C53128081804002369EE /* Home */ = {
			isa = PBXGroup;
			children = (
				EA36C5322808181F002369EE /* View */,
				EA36C53328081825002369EE /* ViewModel */,
			);
			path = Home;
			sourceTree = "<group>";
		};
		EA36C5322808181F002369EE /* View */ = {
			isa = PBXGroup;
			children = (
				EAB3EFBB28113CFF007BF1B9 /* HomeView.swift */,
			);
			path = View;
			sourceTree = "<group>";
		};
		EA36C53328081825002369EE /* ViewModel */ = {
			isa = PBXGroup;
			children = (
			);
			path = ViewModel;
			sourceTree = "<group>";
		};
		EA36C534280818BC002369EE /* Thumbnail */ = {
			isa = PBXGroup;
			children = (
				EA36C535280818D2002369EE /* View */,
				EA36C536280818DD002369EE /* ViewModel */,
			);
			path = Thumbnail;
			sourceTree = "<group>";
		};
		EA36C535280818D2002369EE /* View */ = {
			isa = PBXGroup;
			children = (
				EA36C53A28081B5A002369EE /* ThumbnailView.swift */,
			);
			path = View;
			sourceTree = "<group>";
		};
		EA36C536280818DD002369EE /* ViewModel */ = {
			isa = PBXGroup;
			children = (
				EA36C53E28081D09002369EE /* ThumbnailViewModel.swift */,
			);
			path = ViewModel;
			sourceTree = "<group>";
		};
		EA72AFE528301BFF00F5892B /* LoginView */ = {
			isa = PBXGroup;
			children = (
				EA72AFE628301C1100F5892B /* Login */,
			);
			path = LoginView;
			sourceTree = "<group>";
		};
		EA72AFE628301C1100F5892B /* Login */ = {
			isa = PBXGroup;
			children = (
				EA72AFE728301C2500F5892B /* View */,
				EA72AFE828301C2900F5892B /* ViewModel */,
			);
			path = Login;
			sourceTree = "<group>";
		};
		EA72AFE728301C2500F5892B /* View */ = {
			isa = PBXGroup;
			children = (
				EA72AFE928301C3A00F5892B /* LoginView.swift */,
			);
			path = View;
			sourceTree = "<group>";
		};
		EA72AFE828301C2900F5892B /* ViewModel */ = {
			isa = PBXGroup;
			children = (
				EA72AFEB2830333A00F5892B /* LoginViewModel.swift */,
			);
			path = ViewModel;
			sourceTree = "<group>";
		};
		EA72AFEF28321F2000F5892B /* SelectFormView */ = {
			isa = PBXGroup;
			children = (
				EA72AFF028321F5000F5892B /* SelectForm */,
				EA72AFF52832214200F5892B /* Form */,
			);
			path = SelectFormView;
			sourceTree = "<group>";
		};
		EA72AFF028321F5000F5892B /* SelectForm */ = {
			isa = PBXGroup;
			children = (
				EA72AFF228321F6900F5892B /* View */,
				EA72AFF128321F6200F5892B /* ViewModel */,
			);
			path = SelectForm;
			sourceTree = "<group>";
		};
		EA72AFF128321F6200F5892B /* ViewModel */ = {
			isa = PBXGroup;
			children = (
				EA72AFFE28323C8000F5892B /* SelectFormViewModel.swift */,
			);
			path = ViewModel;
			sourceTree = "<group>";
		};
		EA72AFF228321F6900F5892B /* View */ = {
			isa = PBXGroup;
			children = (
				EA72AFF328321F9200F5892B /* SelectFormView.swift */,
			);
			path = View;
			sourceTree = "<group>";
		};
		EA72AFF52832214200F5892B /* Form */ = {
			isa = PBXGroup;
			children = (
				EA72AFF62832215300F5892B /* View */,
				EA72AFF72832216500F5892B /* ViewModel */,
			);
			path = Form;
			sourceTree = "<group>";
		};
		EA72AFF62832215300F5892B /* View */ = {
			isa = PBXGroup;
			children = (
				EA72AFF82832217500F5892B /* FormView.swift */,
			);
			path = View;
			sourceTree = "<group>";
		};
		EA72AFF72832216500F5892B /* ViewModel */ = {
			isa = PBXGroup;
			children = (
				EA72AFFA283239D200F5892B /* FormViewModel.swift */,
			);
			path = ViewModel;
			sourceTree = "<group>";
		};
		EA72B00328329B9B00F5892B /* Preview_General */ = {
			isa = PBXGroup;
			children = (
				EA72B00528329BBE00F5892B /* View */,
				EA72B00428329BB900F5892B /* ViewModel */,
			);
			path = Preview_General;
			sourceTree = "<group>";
		};
		EA72B00428329BB900F5892B /* ViewModel */ = {
			isa = PBXGroup;
			children = (
				EA72B00D2834E8A500F5892B /* PrewviewViewModel_General.swift */,
			);
			path = ViewModel;
			sourceTree = "<group>";
		};
		EA72B00528329BBE00F5892B /* View */ = {
			isa = PBXGroup;
			children = (
				EA72B00628329BD300F5892B /* PrewviewView_General.swift */,
			);
			path = View;
			sourceTree = "<group>";
		};
		EA72B00A2834E80F00F5892B /* EditThumbnail_General */ = {
			isa = PBXGroup;
			children = (
				EA72B00C2834E83600F5892B /* View */,
				EA72B00B2834E82F00F5892B /* ViewModel */,
			);
			path = EditThumbnail_General;
			sourceTree = "<group>";
		};
		EA72B00B2834E82F00F5892B /* ViewModel */ = {
			isa = PBXGroup;
			children = (
				EA72B0112835F8AE00F5892B /* EditThumbnailViewModel_General.swift */,
			);
			path = ViewModel;
			sourceTree = "<group>";
		};
		EA72B00C2834E83600F5892B /* View */ = {
			isa = PBXGroup;
			children = (
				EA72B00F2834E9C400F5892B /* EditThumbnailImageView_General.swift */,
			);
			path = View;
			sourceTree = "<group>";
		};
		EA72B0132835FD5800F5892B /* EditThumbnailView */ = {
			isa = PBXGroup;
			children = (
				EA72B0142835FD8B00F5892B /* View */,
				EA72B0172835FECE00F5892B /* ViewModel */,
			);
			path = EditThumbnailView;
			sourceTree = "<group>";
		};
		EA72B0142835FD8B00F5892B /* View */ = {
			isa = PBXGroup;
			children = (
				EA72B0152835FD9C00F5892B /* EditThumbnailView.swift */,
			);
			path = View;
			sourceTree = "<group>";
		};
		EA72B0172835FECE00F5892B /* ViewModel */ = {
			isa = PBXGroup;
			children = (
				EA72B0182835FEDF00F5892B /* EditThumbnailViewModel.swift */,
			);
			path = ViewModel;
			sourceTree = "<group>";
		};
		EA72B026283732D400F5892B /* SignUpView */ = {
			isa = PBXGroup;
			children = (
				EA72B027283732EC00F5892B /* SignUp */,
			);
			path = SignUpView;
			sourceTree = "<group>";
		};
		EA72B027283732EC00F5892B /* SignUp */ = {
			isa = PBXGroup;
			children = (
				EA72B029283732F800F5892B /* View */,
				EA72B028283732F400F5892B /* ViewModel */,
			);
			path = SignUp;
			sourceTree = "<group>";
		};
		EA72B028283732F400F5892B /* ViewModel */ = {
			isa = PBXGroup;
			children = (
				EA72B02C28377B9700F5892B /* SignUpViewModel.swift */,
			);
			path = ViewModel;
			sourceTree = "<group>";
		};
		EA72B029283732F800F5892B /* View */ = {
			isa = PBXGroup;
			children = (
				EA72B02A2837331000F5892B /* SignUpView.swift */,
			);
			path = View;
			sourceTree = "<group>";
		};
		EA7A58AC284253E800E6648A /* DetailView_General */ = {
			isa = PBXGroup;
			children = (
				EA7A58AD2842542200E6648A /* View */,
				EA7A58B2284255CF00E6648A /* ViewModel */,
			);
			path = DetailView_General;
			sourceTree = "<group>";
		};
		EA7A58AD2842542200E6648A /* View */ = {
			isa = PBXGroup;
			children = (
				EA7A58B02842546700E6648A /* DetailView_General.swift */,
			);
			path = View;
			sourceTree = "<group>";
		};
		EA7A58B2284255CF00E6648A /* ViewModel */ = {
			isa = PBXGroup;
			children = (
				EA7A58B3284255E800E6648A /* DetailViewModel_General.swift */,
			);
			path = ViewModel;
			sourceTree = "<group>";
		};
		EA7EBB4C28292C60007B4981 /* ServerCommunication */ = {
			isa = PBXGroup;
			children = (
				EA7EBB4D28292CB2007B4981 /* request.swift */,
			);
			path = ServerCommunication;
			sourceTree = "<group>";
		};
		EAB3EFBD28119E1A007BF1B9 /* ThumbnailList */ = {
			isa = PBXGroup;
			children = (
				EAB3EFBE28119E44007BF1B9 /* View */,
				EAFE25AA282D2003009F899F /* ViewModel */,
			);
			path = ThumbnailList;
			sourceTree = "<group>";
		};
		EAB3EFBE28119E44007BF1B9 /* View */ = {
			isa = PBXGroup;
			children = (
				EAB3EFBF28119E52007BF1B9 /* ThumbnailViewListView.swift */,
			);
			path = View;
			sourceTree = "<group>";
		};
		EAD032E3281A62EB00705F42 /* EditContent_General */ = {
			isa = PBXGroup;
			children = (
				EAD032E4281A630400705F42 /* View */,
				EAD032E5281A630B00705F42 /* ViewModel */,
			);
			path = EditContent_General;
			sourceTree = "<group>";
		};
		EAD032E4281A630400705F42 /* View */ = {
			isa = PBXGroup;
			children = (
				EAD032E6281A633300705F42 /* EditContentView.swift */,
			);
			path = View;
			sourceTree = "<group>";
		};
		EAD032E5281A630B00705F42 /* ViewModel */ = {
			isa = PBXGroup;
			children = (
			);
			path = ViewModel;
			sourceTree = "<group>";
		};
		EAF32C752812BC44003F15FE /* EditPageView_General */ = {
			isa = PBXGroup;
			children = (
				EAF32C762812BCA2003F15FE /* EditTitle_General */,
				EAD032E3281A62EB00705F42 /* EditContent_General */,
				EA72B00328329B9B00F5892B /* Preview_General */,
				EA72B00A2834E80F00F5892B /* EditThumbnail_General */,
				EA72B0132835FD5800F5892B /* EditThumbnailView */,
			);
			path = EditPageView_General;
			sourceTree = "<group>";
		};
		EAF32C762812BCA2003F15FE /* EditTitle_General */ = {
			isa = PBXGroup;
			children = (
				EAF32C772812BCBD003F15FE /* View */,
				EAF32C782812BCC8003F15FE /* ViewModel */,
			);
			path = EditTitle_General;
			sourceTree = "<group>";
		};
		EAF32C772812BCBD003F15FE /* View */ = {
			isa = PBXGroup;
			children = (
				EAF32C792812BCD7003F15FE /* EditTitleView.swift */,
			);
			path = View;
			sourceTree = "<group>";
		};
		EAF32C782812BCC8003F15FE /* ViewModel */ = {
			isa = PBXGroup;
			children = (
			);
			path = ViewModel;
			sourceTree = "<group>";
		};
		EAF32C7C2812C35F003F15FE /* NotificationView */ = {
			isa = PBXGroup;
			children = (
				EAF32C7D2812C3AE003F15FE /* Notification */,
			);
			path = NotificationView;
			sourceTree = "<group>";
		};
		EAF32C7D2812C3AE003F15FE /* Notification */ = {
			isa = PBXGroup;
			children = (
				EAF32C7F2812C3C9003F15FE /* View */,
				EAF32C7E2812C3B9003F15FE /* ViewModel */,
			);
			path = Notification;
			sourceTree = "<group>";
		};
		EAF32C7E2812C3B9003F15FE /* ViewModel */ = {
			isa = PBXGroup;
			children = (
				EA72AFE3282FDE7C00F5892B /* NotificationViewModel.swift */,
			);
			path = ViewModel;
			sourceTree = "<group>";
		};
		EAF32C7F2812C3C9003F15FE /* View */ = {
			isa = PBXGroup;
			children = (
				EAF32C802812C3D3003F15FE /* NotificationView.swift */,
			);
			path = View;
			sourceTree = "<group>";
		};
		EAFE25AA282D2003009F899F /* ViewModel */ = {
			isa = PBXGroup;
			children = (
				EAFE25AB282D2060009F899F /* ThumbnailViewListViewModel.swift */,
			);
			path = ViewModel;
			sourceTree = "<group>";
		};
/* End PBXGroup section */

/* Begin PBXNativeTarget section */
		EA36C50E2807FECE002369EE /* Paperful */ = {
			isa = PBXNativeTarget;
			buildConfigurationList = EA36C51D2807FECF002369EE /* Build configuration list for PBXNativeTarget "Paperful" */;
			buildPhases = (
				EA36C50B2807FECE002369EE /* Sources */,
				EA36C50C2807FECE002369EE /* Frameworks */,
				EA36C50D2807FECE002369EE /* Resources */,
			);
			buildRules = (
			);
			dependencies = (
			);
			name = Paperful;
			packageProductDependencies = (
				EA7EBB47282923D4007B4981 /* SwiftUIPullToRefresh */,
				EA7EBB4A28292980007B4981 /* Alamofire */,
				EA72B0202836775F00F5892B /* Mantis */,
			);
			productName = Paperful;
			productReference = EA36C50F2807FECE002369EE /* Paperful.app */;
			productType = "com.apple.product-type.application";
		};
/* End PBXNativeTarget section */

/* Begin PBXProject section */
		EA36C5072807FECE002369EE /* Project object */ = {
			isa = PBXProject;
			attributes = {
				BuildIndependentTargetsInParallel = 1;
				LastSwiftUpdateCheck = 1320;
				LastUpgradeCheck = 1320;
				TargetAttributes = {
					EA36C50E2807FECE002369EE = {
						CreatedOnToolsVersion = 13.2.1;
					};
				};
			};
			buildConfigurationList = EA36C50A2807FECE002369EE /* Build configuration list for PBXProject "Paperful" */;
			compatibilityVersion = "Xcode 13.0";
			developmentRegion = en;
			hasScannedForEncodings = 0;
			knownRegions = (
				en,
				Base,
			);
			mainGroup = EA36C5062807FECE002369EE;
			packageReferences = (
				EA7EBB46282923D4007B4981 /* XCRemoteSwiftPackageReference "swiftui-pull-to-refresh" */,
				EA7EBB4928292980007B4981 /* XCRemoteSwiftPackageReference "Alamofire" */,
				EA72B01F2836775F00F5892B /* XCRemoteSwiftPackageReference "Mantis" */,
			);
			productRefGroup = EA36C5102807FECE002369EE /* Products */;
			projectDirPath = "";
			projectRoot = "";
			targets = (
				EA36C50E2807FECE002369EE /* Paperful */,
			);
		};
/* End PBXProject section */

/* Begin PBXResourcesBuildPhase section */
		EA36C50D2807FECE002369EE /* Resources */ = {
			isa = PBXResourcesBuildPhase;
			buildActionMask = 2147483647;
			files = (
				EA36C51A2807FECF002369EE /* Preview Assets.xcassets in Resources */,
				EA36C5172807FECF002369EE /* Assets.xcassets in Resources */,
			);
			runOnlyForDeploymentPostprocessing = 0;
		};
/* End PBXResourcesBuildPhase section */

/* Begin PBXSourcesBuildPhase section */
		EA36C50B2807FECE002369EE /* Sources */ = {
			isa = PBXSourcesBuildPhase;
			buildActionMask = 2147483647;
			files = (
				EAD032E7281A633300705F42 /* EditContentView.swift in Sources */,
				EA04D87F283B91F700B7AED2 /* UserProfileViewModel.swift in Sources */,
				EA7EBB4E28292CB2007B4981 /* request.swift in Sources */,
				EA72B0102834E9C400F5892B /* EditThumbnailImageView_General.swift in Sources */,
				EA04D885283CAD9F00B7AED2 /* CurrentUserProfileModel.swift in Sources */,
				EA72AFF428321F9200F5892B /* SelectFormView.swift in Sources */,
				EAD032ED281AB1B900705F42 /* GlobalData.swift in Sources */,
				EA04D88C283CD11500B7AED2 /* AddUserProfileView.swift in Sources */,
				EA72AFE4282FDE7C00F5892B /* NotificationViewModel.swift in Sources */,
				EA36C53D28081BBD002369EE /* HomeModel.swift in Sources */,
				EAB3EFBC28113CFF007BF1B9 /* HomeView.swift in Sources */,
				EA72B023283678B700F5892B /* ImageCropper.swift in Sources */,
				EAF32C812812C3D3003F15FE /* NotificationView.swift in Sources */,
				EA36C5152807FECE002369EE /* ContentView.swift in Sources */,
				EA72B0252836C25800F5892B /* hideKeyboardExtention.swift in Sources */,
				EAFE25A9282A733E009F899F /* DataService.swift in Sources */,
				EA36C53B28081B5A002369EE /* ThumbnailView.swift in Sources */,
				EA72B0122835F8AF00F5892B /* EditThumbnailViewModel_General.swift in Sources */,
				EA72B0192835FEE000F5892B /* EditThumbnailViewModel.swift in Sources */,
				EAF32C7A2812BCD7003F15FE /* EditTitleView.swift in Sources */,
				EA72B0162835FD9C00F5892B /* EditThumbnailView.swift in Sources */,
				EA72B00E2834E8A500F5892B /* PrewviewViewModel_General.swift in Sources */,
				EAB3EFC028119E52007BF1B9 /* ThumbnailViewListView.swift in Sources */,
				EA72B00728329BD300F5892B /* PrewviewView_General.swift in Sources */,
				EA7A58B6284260BF00E6648A /* PostModel.swift in Sources */,
				EA36C53F28081D09002369EE /* ThumbnailViewModel.swift in Sources */,
				EA04D87C283B91D600B7AED2 /* UserProfileView.swift in Sources */,
				EA72B02D28377B9800F5892B /* SignUpViewModel.swift in Sources */,
				EA04D877283B8C7D00B7AED2 /* UserProfileSelectView.swift in Sources */,
				EA7A58B12842546700E6648A /* DetailView_General.swift in Sources */,
				EA72AFFD28323A2100F5892B /* FormModel.swift in Sources */,
				EA72AFEE2831014900F5892B /* LoginTokenModel.swift in Sources */,
				EA7A58B4284255E800E6648A /* DetailViewModel_General.swift in Sources */,
				EA04D883283B965700B7AED2 /* UserProfileSelectViewModel.swift in Sources */,
				EA36C5132807FECE002369EE /* PaperfulApp.swift in Sources */,
				EA72B0012832517600F5892B /* EditGeneralModel.swift in Sources */,
				EA04D86F283B827E00B7AED2 /* SignUpModel.swift in Sources */,
				EA04D892283CF64200B7AED2 /* AddUserProfileModel.swift in Sources */,
				EA72AFF92832217500F5892B /* FormView.swift in Sources */,
				EA72B0092834E50F00F5892B /* ImagePicker.swift in Sources */,
				EA72AFEA28301C3A00F5892B /* LoginView.swift in Sources */,
				EA72AFFB283239D200F5892B /* FormViewModel.swift in Sources */,
				EA72AFFF28323C8000F5892B /* SelectFormViewModel.swift in Sources */,
				EA04D881283B923B00B7AED2 /* UserProfileModel.swift in Sources */,
				EA04D890283CF37100B7AED2 /* AddUserProfileViewModel.swift in Sources */,
				EA72B02B2837331000F5892B /* SignUpView.swift in Sources */,
				EAFE25AC282D2060009F899F /* ThumbnailViewListViewModel.swift in Sources */,
				EA72AFEC2830333A00F5892B /* LoginViewModel.swift in Sources */,
				EA72AFE2282ED6C800F5892B /* ColorExtension.swift in Sources */,
			);
			runOnlyForDeploymentPostprocessing = 0;
		};
/* End PBXSourcesBuildPhase section */

/* Begin XCBuildConfiguration section */
		EA36C51B2807FECF002369EE /* Debug */ = {
			isa = XCBuildConfiguration;
			buildSettings = {
				ALWAYS_SEARCH_USER_PATHS = NO;
				CLANG_ANALYZER_NONNULL = YES;
				CLANG_ANALYZER_NUMBER_OBJECT_CONVERSION = YES_AGGRESSIVE;
				CLANG_CXX_LANGUAGE_STANDARD = "gnu++17";
				CLANG_CXX_LIBRARY = "libc++";
				CLANG_ENABLE_MODULES = YES;
				CLANG_ENABLE_OBJC_ARC = YES;
				CLANG_ENABLE_OBJC_WEAK = YES;
				CLANG_WARN_BLOCK_CAPTURE_AUTORELEASING = YES;
				CLANG_WARN_BOOL_CONVERSION = YES;
				CLANG_WARN_COMMA = YES;
				CLANG_WARN_CONSTANT_CONVERSION = YES;
				CLANG_WARN_DEPRECATED_OBJC_IMPLEMENTATIONS = YES;
				CLANG_WARN_DIRECT_OBJC_ISA_USAGE = YES_ERROR;
				CLANG_WARN_DOCUMENTATION_COMMENTS = YES;
				CLANG_WARN_EMPTY_BODY = YES;
				CLANG_WARN_ENUM_CONVERSION = YES;
				CLANG_WARN_INFINITE_RECURSION = YES;
				CLANG_WARN_INT_CONVERSION = YES;
				CLANG_WARN_NON_LITERAL_NULL_CONVERSION = YES;
				CLANG_WARN_OBJC_IMPLICIT_RETAIN_SELF = YES;
				CLANG_WARN_OBJC_LITERAL_CONVERSION = YES;
				CLANG_WARN_OBJC_ROOT_CLASS = YES_ERROR;
				CLANG_WARN_QUOTED_INCLUDE_IN_FRAMEWORK_HEADER = YES;
				CLANG_WARN_RANGE_LOOP_ANALYSIS = YES;
				CLANG_WARN_STRICT_PROTOTYPES = YES;
				CLANG_WARN_SUSPICIOUS_MOVE = YES;
				CLANG_WARN_UNGUARDED_AVAILABILITY = YES_AGGRESSIVE;
				CLANG_WARN_UNREACHABLE_CODE = YES;
				CLANG_WARN__DUPLICATE_METHOD_MATCH = YES;
				COPY_PHASE_STRIP = NO;
				DEBUG_INFORMATION_FORMAT = dwarf;
				ENABLE_STRICT_OBJC_MSGSEND = YES;
				ENABLE_TESTABILITY = YES;
				GCC_C_LANGUAGE_STANDARD = gnu11;
				GCC_DYNAMIC_NO_PIC = NO;
				GCC_NO_COMMON_BLOCKS = YES;
				GCC_OPTIMIZATION_LEVEL = 0;
				GCC_PREPROCESSOR_DEFINITIONS = (
					"DEBUG=1",
					"$(inherited)",
				);
				GCC_WARN_64_TO_32_BIT_CONVERSION = YES;
				GCC_WARN_ABOUT_RETURN_TYPE = YES_ERROR;
				GCC_WARN_UNDECLARED_SELECTOR = YES;
				GCC_WARN_UNINITIALIZED_AUTOS = YES_AGGRESSIVE;
				GCC_WARN_UNUSED_FUNCTION = YES;
				GCC_WARN_UNUSED_VARIABLE = YES;
				IPHONEOS_DEPLOYMENT_TARGET = 15.2;
				MTL_ENABLE_DEBUG_INFO = INCLUDE_SOURCE;
				MTL_FAST_MATH = YES;
				ONLY_ACTIVE_ARCH = YES;
				SDKROOT = iphoneos;
				SWIFT_ACTIVE_COMPILATION_CONDITIONS = DEBUG;
				SWIFT_OPTIMIZATION_LEVEL = "-Onone";
			};
			name = Debug;
		};
		EA36C51C2807FECF002369EE /* Release */ = {
			isa = XCBuildConfiguration;
			buildSettings = {
				ALWAYS_SEARCH_USER_PATHS = NO;
				CLANG_ANALYZER_NONNULL = YES;
				CLANG_ANALYZER_NUMBER_OBJECT_CONVERSION = YES_AGGRESSIVE;
				CLANG_CXX_LANGUAGE_STANDARD = "gnu++17";
				CLANG_CXX_LIBRARY = "libc++";
				CLANG_ENABLE_MODULES = YES;
				CLANG_ENABLE_OBJC_ARC = YES;
				CLANG_ENABLE_OBJC_WEAK = YES;
				CLANG_WARN_BLOCK_CAPTURE_AUTORELEASING = YES;
				CLANG_WARN_BOOL_CONVERSION = YES;
				CLANG_WARN_COMMA = YES;
				CLANG_WARN_CONSTANT_CONVERSION = YES;
				CLANG_WARN_DEPRECATED_OBJC_IMPLEMENTATIONS = YES;
				CLANG_WARN_DIRECT_OBJC_ISA_USAGE = YES_ERROR;
				CLANG_WARN_DOCUMENTATION_COMMENTS = YES;
				CLANG_WARN_EMPTY_BODY = YES;
				CLANG_WARN_ENUM_CONVERSION = YES;
				CLANG_WARN_INFINITE_RECURSION = YES;
				CLANG_WARN_INT_CONVERSION = YES;
				CLANG_WARN_NON_LITERAL_NULL_CONVERSION = YES;
				CLANG_WARN_OBJC_IMPLICIT_RETAIN_SELF = YES;
				CLANG_WARN_OBJC_LITERAL_CONVERSION = YES;
				CLANG_WARN_OBJC_ROOT_CLASS = YES_ERROR;
				CLANG_WARN_QUOTED_INCLUDE_IN_FRAMEWORK_HEADER = YES;
				CLANG_WARN_RANGE_LOOP_ANALYSIS = YES;
				CLANG_WARN_STRICT_PROTOTYPES = YES;
				CLANG_WARN_SUSPICIOUS_MOVE = YES;
				CLANG_WARN_UNGUARDED_AVAILABILITY = YES_AGGRESSIVE;
				CLANG_WARN_UNREACHABLE_CODE = YES;
				CLANG_WARN__DUPLICATE_METHOD_MATCH = YES;
				COPY_PHASE_STRIP = NO;
				DEBUG_INFORMATION_FORMAT = "dwarf-with-dsym";
				ENABLE_NS_ASSERTIONS = NO;
				ENABLE_STRICT_OBJC_MSGSEND = YES;
				GCC_C_LANGUAGE_STANDARD = gnu11;
				GCC_NO_COMMON_BLOCKS = YES;
				GCC_WARN_64_TO_32_BIT_CONVERSION = YES;
				GCC_WARN_ABOUT_RETURN_TYPE = YES_ERROR;
				GCC_WARN_UNDECLARED_SELECTOR = YES;
				GCC_WARN_UNINITIALIZED_AUTOS = YES_AGGRESSIVE;
				GCC_WARN_UNUSED_FUNCTION = YES;
				GCC_WARN_UNUSED_VARIABLE = YES;
				IPHONEOS_DEPLOYMENT_TARGET = 15.2;
				MTL_ENABLE_DEBUG_INFO = NO;
				MTL_FAST_MATH = YES;
				SDKROOT = iphoneos;
				SWIFT_COMPILATION_MODE = wholemodule;
				SWIFT_OPTIMIZATION_LEVEL = "-O";
				VALIDATE_PRODUCT = YES;
			};
			name = Release;
		};
		EA36C51E2807FECF002369EE /* Debug */ = {
			isa = XCBuildConfiguration;
			buildSettings = {
				ASSETCATALOG_COMPILER_APPICON_NAME = AppIcon;
				ASSETCATALOG_COMPILER_GLOBAL_ACCENT_COLOR_NAME = AccentColor;
				CODE_SIGN_STYLE = Automatic;
				CURRENT_PROJECT_VERSION = 1;
				DEVELOPMENT_ASSET_PATHS = "\"Paperful/Preview Content\"";
				DEVELOPMENT_TEAM = WMGV8HBF44;
				ENABLE_PREVIEWS = YES;
				GENERATE_INFOPLIST_FILE = YES;
				INFOPLIST_FILE = Paperful/Info.plist;
				INFOPLIST_KEY_UIApplicationSceneManifest_Generation = YES;
				INFOPLIST_KEY_UIApplicationSupportsIndirectInputEvents = YES;
				INFOPLIST_KEY_UILaunchScreen_Generation = YES;
				INFOPLIST_KEY_UISupportedInterfaceOrientations_iPad = "UIInterfaceOrientationPortrait UIInterfaceOrientationPortraitUpsideDown UIInterfaceOrientationLandscapeLeft UIInterfaceOrientationLandscapeRight";
				INFOPLIST_KEY_UISupportedInterfaceOrientations_iPhone = "UIInterfaceOrientationPortrait UIInterfaceOrientationLandscapeLeft UIInterfaceOrientationLandscapeRight";
				LD_RUNPATH_SEARCH_PATHS = (
					"$(inherited)",
					"@executable_path/Frameworks",
				);
				MARKETING_VERSION = 1.0;
				PRODUCT_BUNDLE_IDENTIFIER = "flamozzi-paperful.Paperful";
				PRODUCT_NAME = "$(TARGET_NAME)";
				SWIFT_EMIT_LOC_STRINGS = YES;
				SWIFT_VERSION = 5.0;
				TARGETED_DEVICE_FAMILY = "1,2";
			};
			name = Debug;
		};
		EA36C51F2807FECF002369EE /* Release */ = {
			isa = XCBuildConfiguration;
			buildSettings = {
				ASSETCATALOG_COMPILER_APPICON_NAME = AppIcon;
				ASSETCATALOG_COMPILER_GLOBAL_ACCENT_COLOR_NAME = AccentColor;
				CODE_SIGN_STYLE = Automatic;
				CURRENT_PROJECT_VERSION = 1;
				DEVELOPMENT_ASSET_PATHS = "\"Paperful/Preview Content\"";
				DEVELOPMENT_TEAM = WMGV8HBF44;
				ENABLE_PREVIEWS = YES;
				GENERATE_INFOPLIST_FILE = YES;
				INFOPLIST_FILE = Paperful/Info.plist;
				INFOPLIST_KEY_UIApplicationSceneManifest_Generation = YES;
				INFOPLIST_KEY_UIApplicationSupportsIndirectInputEvents = YES;
				INFOPLIST_KEY_UILaunchScreen_Generation = YES;
				INFOPLIST_KEY_UISupportedInterfaceOrientations_iPad = "UIInterfaceOrientationPortrait UIInterfaceOrientationPortraitUpsideDown UIInterfaceOrientationLandscapeLeft UIInterfaceOrientationLandscapeRight";
				INFOPLIST_KEY_UISupportedInterfaceOrientations_iPhone = "UIInterfaceOrientationPortrait UIInterfaceOrientationLandscapeLeft UIInterfaceOrientationLandscapeRight";
				LD_RUNPATH_SEARCH_PATHS = (
					"$(inherited)",
					"@executable_path/Frameworks",
				);
				MARKETING_VERSION = 1.0;
				PRODUCT_BUNDLE_IDENTIFIER = "flamozzi-paperful.Paperful";
				PRODUCT_NAME = "$(TARGET_NAME)";
				SWIFT_EMIT_LOC_STRINGS = YES;
				SWIFT_VERSION = 5.0;
				TARGETED_DEVICE_FAMILY = "1,2";
			};
			name = Release;
		};
/* End XCBuildConfiguration section */

/* Begin XCConfigurationList section */
		EA36C50A2807FECE002369EE /* Build configuration list for PBXProject "Paperful" */ = {
			isa = XCConfigurationList;
			buildConfigurations = (
				EA36C51B2807FECF002369EE /* Debug */,
				EA36C51C2807FECF002369EE /* Release */,
			);
			defaultConfigurationIsVisible = 0;
			defaultConfigurationName = Release;
		};
		EA36C51D2807FECF002369EE /* Build configuration list for PBXNativeTarget "Paperful" */ = {
			isa = XCConfigurationList;
			buildConfigurations = (
				EA36C51E2807FECF002369EE /* Debug */,
				EA36C51F2807FECF002369EE /* Release */,
			);
			defaultConfigurationIsVisible = 0;
			defaultConfigurationName = Release;
		};
/* End XCConfigurationList section */

/* Begin XCRemoteSwiftPackageReference section */
		EA72B01F2836775F00F5892B /* XCRemoteSwiftPackageReference "Mantis" */ = {
			isa = XCRemoteSwiftPackageReference;
			repositoryURL = "https://github.com/guoyingtao/Mantis.git";
			requirement = {
				kind = upToNextMajorVersion;
				minimumVersion = 1.0.0;
			};
		};
		EA7EBB46282923D4007B4981 /* XCRemoteSwiftPackageReference "swiftui-pull-to-refresh" */ = {
			isa = XCRemoteSwiftPackageReference;
			repositoryURL = "https://github.com/globulus/swiftui-pull-to-refresh";
			requirement = {
				kind = upToNextMajorVersion;
				minimumVersion = 1.0.0;
			};
		};
		EA7EBB4928292980007B4981 /* XCRemoteSwiftPackageReference "Alamofire" */ = {
			isa = XCRemoteSwiftPackageReference;
			repositoryURL = "https://github.com/Alamofire/Alamofire.git";
			requirement = {
				kind = upToNextMajorVersion;
				minimumVersion = 5.0.0;
			};
		};
/* End XCRemoteSwiftPackageReference section */

/* Begin XCSwiftPackageProductDependency section */
		EA72B0202836775F00F5892B /* Mantis */ = {
			isa = XCSwiftPackageProductDependency;
			package = EA72B01F2836775F00F5892B /* XCRemoteSwiftPackageReference "Mantis" */;
			productName = Mantis;
		};
		EA7EBB47282923D4007B4981 /* SwiftUIPullToRefresh */ = {
			isa = XCSwiftPackageProductDependency;
			package = EA7EBB46282923D4007B4981 /* XCRemoteSwiftPackageReference "swiftui-pull-to-refresh" */;
			productName = SwiftUIPullToRefresh;
		};
		EA7EBB4A28292980007B4981 /* Alamofire */ = {
			isa = XCSwiftPackageProductDependency;
			package = EA7EBB4928292980007B4981 /* XCRemoteSwiftPackageReference "Alamofire" */;
			productName = Alamofire;
		};
/* End XCSwiftPackageProductDependency section */
	};
	rootObject = EA36C5072807FECE002369EE /* Project object */;
}
