// !$*UTF8*$!
{
	archiveVersion = 1;
	classes = {
	};
	objectVersion = 55;
	objects = {

/* Begin PBXBuildFile section */
		833AB443283546A6006C5078 /* MyPaperView.swift in Sources */ = {isa = PBXBuildFile; fileRef = 833AB442283546A6006C5078 /* MyPaperView.swift */; };
		833AB44528354778006C5078 /* ListView1.swift in Sources */ = {isa = PBXBuildFile; fileRef = 833AB44428354778006C5078 /* ListView1.swift */; };
		833AB44C28354885006C5078 /* ConfigurationView.swift in Sources */ = {isa = PBXBuildFile; fileRef = 833AB44B28354885006C5078 /* ConfigurationView.swift */; };
		83447544283EB5280071018A /* UImagePicker.swift in Sources */ = {isa = PBXBuildFile; fileRef = 83447543283EB5280071018A /* UImagePicker.swift */; };
		EA36C5132807FECE002369EE /* PaperfulApp.swift in Sources */ = {isa = PBXBuildFile; fileRef = EA36C5122807FECE002369EE /* PaperfulApp.swift */; };
		EA36C5152807FECE002369EE /* ContentView.swift in Sources */ = {isa = PBXBuildFile; fileRef = EA36C5142807FECE002369EE /* ContentView.swift */; };
		EA36C5172807FECF002369EE /* Assets.xcassets in Resources */ = {isa = PBXBuildFile; fileRef = EA36C5162807FECF002369EE /* Assets.xcassets */; };
		EA36C51A2807FECF002369EE /* Preview Assets.xcassets in Resources */ = {isa = PBXBuildFile; fileRef = EA36C5192807FECF002369EE /* Preview Assets.xcassets */; };
		EA36C53B28081B5A002369EE /* ThumbnailView.swift in Sources */ = {isa = PBXBuildFile; fileRef = EA36C53A28081B5A002369EE /* ThumbnailView.swift */; };
		EA36C53D28081BBD002369EE /* HomeModel.swift in Sources */ = {isa = PBXBuildFile; fileRef = EA36C53C28081BBD002369EE /* HomeModel.swift */; };
		EA36C53F28081D09002369EE /* ThumbnailViewModel.swift in Sources */ = {isa = PBXBuildFile; fileRef = EA36C53E28081D09002369EE /* ThumbnailViewModel.swift */; };
		EA72AFE2282ED6C800F5892B /* ColorExtension.swift in Sources */ = {isa = PBXBuildFile; fileRef = EA72AFE1282ED6C800F5892B /* ColorExtension.swift */; };
		EA72AFE4282FDE7C00F5892B /* NotificationViewModel.swift in Sources */ = {isa = PBXBuildFile; fileRef = EA72AFE3282FDE7C00F5892B /* NotificationViewModel.swift */; };
		EA7EBB48282923D4007B4981 /* SwiftUIPullToRefresh in Frameworks */ = {isa = PBXBuildFile; productRef = EA7EBB47282923D4007B4981 /* SwiftUIPullToRefresh */; };
		EA7EBB4B28292980007B4981 /* Alamofire in Frameworks */ = {isa = PBXBuildFile; productRef = EA7EBB4A28292980007B4981 /* Alamofire */; };
		EA7EBB4E28292CB2007B4981 /* request.swift in Sources */ = {isa = PBXBuildFile; fileRef = EA7EBB4D28292CB2007B4981 /* request.swift */; };
		EAB3EFBC28113CFF007BF1B9 /* HomeView.swift in Sources */ = {isa = PBXBuildFile; fileRef = EAB3EFBB28113CFF007BF1B9 /* HomeView.swift */; };
		EAB3EFC028119E52007BF1B9 /* ThumbnailViewListView.swift in Sources */ = {isa = PBXBuildFile; fileRef = EAB3EFBF28119E52007BF1B9 /* ThumbnailViewListView.swift */; };
		EAD032E7281A633300705F42 /* EditContentView.swift in Sources */ = {isa = PBXBuildFile; fileRef = EAD032E6281A633300705F42 /* EditContentView.swift */; };
		EAD032EB281AAF7B00705F42 /* LocalEditContentModel.swift in Sources */ = {isa = PBXBuildFile; fileRef = EAD032EA281AAF7B00705F42 /* LocalEditContentModel.swift */; };
		EAD032ED281AB1B900705F42 /* EditContentViewModel.swift in Sources */ = {isa = PBXBuildFile; fileRef = EAD032EC281AB1B900705F42 /* EditContentViewModel.swift */; };
		EAF32C7A2812BCD7003F15FE /* EditTitleView.swift in Sources */ = {isa = PBXBuildFile; fileRef = EAF32C792812BCD7003F15FE /* EditTitleView.swift */; };
		EAF32C812812C3D3003F15FE /* NotificationView.swift in Sources */ = {isa = PBXBuildFile; fileRef = EAF32C802812C3D3003F15FE /* NotificationView.swift */; };
		EAFE25A9282A733E009F899F /* DataService.swift in Sources */ = {isa = PBXBuildFile; fileRef = EAFE25A8282A733E009F899F /* DataService.swift */; };
		EAFE25AC282D2060009F899F /* ThumbnailViewListViewModel.swift in Sources */ = {isa = PBXBuildFile; fileRef = EAFE25AB282D2060009F899F /* ThumbnailViewListViewModel.swift */; };
/* End PBXBuildFile section */

/* Begin PBXFileReference section */
		833AB442283546A6006C5078 /* MyPaperView.swift */ = {isa = PBXFileReference; lastKnownFileType = sourcecode.swift; path = MyPaperView.swift; sourceTree = "<group>"; };
		833AB44428354778006C5078 /* ListView1.swift */ = {isa = PBXFileReference; lastKnownFileType = sourcecode.swift; path = ListView1.swift; sourceTree = "<group>"; };
		833AB44B28354885006C5078 /* ConfigurationView.swift */ = {isa = PBXFileReference; lastKnownFileType = sourcecode.swift; path = ConfigurationView.swift; sourceTree = "<group>"; };
		83447543283EB5280071018A /* UImagePicker.swift */ = {isa = PBXFileReference; lastKnownFileType = sourcecode.swift; path = UImagePicker.swift; sourceTree = "<group>"; };
		EA36C50F2807FECE002369EE /* Paperful.app */ = {isa = PBXFileReference; explicitFileType = wrapper.application; includeInIndex = 0; path = Paperful.app; sourceTree = BUILT_PRODUCTS_DIR; };
		EA36C5122807FECE002369EE /* PaperfulApp.swift */ = {isa = PBXFileReference; lastKnownFileType = sourcecode.swift; path = PaperfulApp.swift; sourceTree = "<group>"; };
		EA36C5142807FECE002369EE /* ContentView.swift */ = {isa = PBXFileReference; lastKnownFileType = sourcecode.swift; path = ContentView.swift; sourceTree = "<group>"; };
		EA36C5162807FECF002369EE /* Assets.xcassets */ = {isa = PBXFileReference; lastKnownFileType = folder.assetcatalog; path = Assets.xcassets; sourceTree = "<group>"; };
		EA36C5192807FECF002369EE /* Preview Assets.xcassets */ = {isa = PBXFileReference; lastKnownFileType = folder.assetcatalog; path = "Preview Assets.xcassets"; sourceTree = "<group>"; };
		EA36C53A28081B5A002369EE /* ThumbnailView.swift */ = {isa = PBXFileReference; lastKnownFileType = sourcecode.swift; path = ThumbnailView.swift; sourceTree = "<group>"; };
		EA36C53C28081BBD002369EE /* HomeModel.swift */ = {isa = PBXFileReference; lastKnownFileType = sourcecode.swift; path = HomeModel.swift; sourceTree = "<group>"; };
		EA36C53E28081D09002369EE /* ThumbnailViewModel.swift */ = {isa = PBXFileReference; lastKnownFileType = sourcecode.swift; path = ThumbnailViewModel.swift; sourceTree = "<group>"; };
		EA72AFE1282ED6C800F5892B /* ColorExtension.swift */ = {isa = PBXFileReference; lastKnownFileType = sourcecode.swift; path = ColorExtension.swift; sourceTree = "<group>"; };
		EA72AFE3282FDE7C00F5892B /* NotificationViewModel.swift */ = {isa = PBXFileReference; lastKnownFileType = sourcecode.swift; path = NotificationViewModel.swift; sourceTree = "<group>"; };
		EA7EBB4D28292CB2007B4981 /* request.swift */ = {isa = PBXFileReference; lastKnownFileType = sourcecode.swift; path = request.swift; sourceTree = "<group>"; };
		EAB3EFBB28113CFF007BF1B9 /* HomeView.swift */ = {isa = PBXFileReference; lastKnownFileType = sourcecode.swift; path = HomeView.swift; sourceTree = "<group>"; };
		EAB3EFBF28119E52007BF1B9 /* ThumbnailViewListView.swift */ = {isa = PBXFileReference; lastKnownFileType = sourcecode.swift; path = ThumbnailViewListView.swift; sourceTree = "<group>"; };
		EAD032E6281A633300705F42 /* EditContentView.swift */ = {isa = PBXFileReference; lastKnownFileType = sourcecode.swift; path = EditContentView.swift; sourceTree = "<group>"; };
		EAD032EA281AAF7B00705F42 /* LocalEditContentModel.swift */ = {isa = PBXFileReference; lastKnownFileType = sourcecode.swift; path = LocalEditContentModel.swift; sourceTree = "<group>"; };
		EAD032EC281AB1B900705F42 /* EditContentViewModel.swift */ = {isa = PBXFileReference; lastKnownFileType = sourcecode.swift; path = EditContentViewModel.swift; sourceTree = "<group>"; };
		EAE46703281BF78200276FC1 /* Info.plist */ = {isa = PBXFileReference; lastKnownFileType = text.plist; path = Info.plist; sourceTree = "<group>"; };
		EAF32C792812BCD7003F15FE /* EditTitleView.swift */ = {isa = PBXFileReference; lastKnownFileType = sourcecode.swift; path = EditTitleView.swift; sourceTree = "<group>"; };
		EAF32C802812C3D3003F15FE /* NotificationView.swift */ = {isa = PBXFileReference; lastKnownFileType = sourcecode.swift; path = NotificationView.swift; sourceTree = "<group>"; };
		EAFE25A8282A733E009F899F /* DataService.swift */ = {isa = PBXFileReference; lastKnownFileType = sourcecode.swift; path = DataService.swift; sourceTree = "<group>"; };
		EAFE25AB282D2060009F899F /* ThumbnailViewListViewModel.swift */ = {isa = PBXFileReference; lastKnownFileType = sourcecode.swift; path = ThumbnailViewListViewModel.swift; sourceTree = "<group>"; };
/* End PBXFileReference section */

/* Begin PBXFrameworksBuildPhase section */
		EA36C50C2807FECE002369EE /* Frameworks */ = {
			isa = PBXFrameworksBuildPhase;
			buildActionMask = 2147483647;
			files = (
				EA7EBB48282923D4007B4981 /* SwiftUIPullToRefresh in Frameworks */,
				EA7EBB4B28292980007B4981 /* Alamofire in Frameworks */,
			);
			runOnlyForDeploymentPostprocessing = 0;
		};
/* End PBXFrameworksBuildPhase section */

/* Begin PBXGroup section */
		833AB43828354329006C5078 /* MyPaperView */ = {
			isa = PBXGroup;
			children = (
				833AB43C28354366006C5078 /* Configuration */,
				833AB43A28354349006C5078 /* MyPaper */,
			);
			path = MyPaperView;
			sourceTree = "<group>";
		};
		833AB43A28354349006C5078 /* MyPaper */ = {
			isa = PBXGroup;
			children = (
				833AB43B28354360006C5078 /* View */,
			);
			path = MyPaper;
			sourceTree = "<group>";
		};
		833AB43B28354360006C5078 /* View */ = {
			isa = PBXGroup;
			children = (
				833AB442283546A6006C5078 /* MyPaperView.swift */,
				833AB44428354778006C5078 /* ListView1.swift */,
			);
			path = View;
			sourceTree = "<group>";
		};
		833AB43C28354366006C5078 /* Configuration */ = {
			isa = PBXGroup;
			children = (
				833AB44A28354874006C5078 /* View */,
			);
			path = Configuration;
			sourceTree = "<group>";
		};
		833AB44A28354874006C5078 /* View */ = {
			isa = PBXGroup;
			children = (
				833AB44B28354885006C5078 /* ConfigurationView.swift */,
				83447543283EB5280071018A /* UImagePicker.swift */,
			);
			path = View;
			sourceTree = "<group>";
		};
		EA36C5062807FECE002369EE = {
			isa = PBXGroup;
			children = (
				EA36C5112807FECE002369EE /* Paperful */,
				EA36C5102807FECE002369EE /* Products */,
			);
			sourceTree = "<group>";
		};
		EA36C5102807FECE002369EE /* Products */ = {
			isa = PBXGroup;
			children = (
				EA36C50F2807FECE002369EE /* Paperful.app */,
			);
			name = Products;
			sourceTree = "<group>";
		};
		EA36C5112807FECE002369EE /* Paperful */ = {
			isa = PBXGroup;
			children = (
				EAE46703281BF78200276FC1 /* Info.plist */,
				EA36C52028081387002369EE /* Application */,
				EA36C521280813C5002369EE /* Domain */,
				EA36C52528081401002369EE /* Presentation */,
				EA36C5262808140D002369EE /* Data */,
				EA36C52F28081540002369EE /* Resources */,
				EA36C5182807FECF002369EE /* Preview Content */,
			);
			path = Paperful;
			sourceTree = "<group>";
		};
		EA36C5182807FECF002369EE /* Preview Content */ = {
			isa = PBXGroup;
			children = (
				EA36C5192807FECF002369EE /* Preview Assets.xcassets */,
			);
			path = "Preview Content";
			sourceTree = "<group>";
		};
		EA36C52028081387002369EE /* Application */ = {
			isa = PBXGroup;
			children = (
				EA36C5122807FECE002369EE /* PaperfulApp.swift */,
			);
			path = Application;
			sourceTree = "<group>";
		};
		EA36C521280813C5002369EE /* Domain */ = {
			isa = PBXGroup;
			children = (
				EA36C522280813CF002369EE /* Entities */,
				EA36C523280813D6002369EE /* UseCases */,
				EA36C524280813DD002369EE /* Interfaces */,
			);
			path = Domain;
			sourceTree = "<group>";
		};
		EA36C522280813CF002369EE /* Entities */ = {
			isa = PBXGroup;
			children = (
				EA36C53C28081BBD002369EE /* HomeModel.swift */,
				EAD032EA281AAF7B00705F42 /* LocalEditContentModel.swift */,
			);
			path = Entities;
			sourceTree = "<group>";
		};
		EA36C523280813D6002369EE /* UseCases */ = {
			isa = PBXGroup;
			children = (
				EAFE25A8282A733E009F899F /* DataService.swift */,
			);
			path = UseCases;
			sourceTree = "<group>";
		};
		EA36C524280813DD002369EE /* Interfaces */ = {
			isa = PBXGroup;
			children = (
				EA36C52828081468002369EE /* Repositories */,
			);
			path = Interfaces;
			sourceTree = "<group>";
		};
		EA36C52528081401002369EE /* Presentation */ = {
			isa = PBXGroup;
			children = (
				833AB43828354329006C5078 /* MyPaperView */,
				EA36C52D2808151D002369EE /* ContetntView */,
				EA36C53028081603002369EE /* HomeView */,
				EAF32C752812BC44003F15FE /* EditPageView */,
				EAF32C7C2812C35F003F15FE /* NotificationView */,
			);
			path = Presentation;
			sourceTree = "<group>";
		};
		EA36C5262808140D002369EE /* Data */ = {
			isa = PBXGroup;
			children = (
				EA36C5272808144E002369EE /* Repositories */,
				EA36C5292808147B002369EE /* Network */,
				EA36C52B280814B8002369EE /* PersistentStorages */,
			);
			path = Data;
			sourceTree = "<group>";
		};
		EA36C5272808144E002369EE /* Repositories */ = {
			isa = PBXGroup;
			children = (
			);
			path = Repositories;
			sourceTree = "<group>";
		};
		EA36C52828081468002369EE /* Repositories */ = {
			isa = PBXGroup;
			children = (
			);
			path = Repositories;
			sourceTree = "<group>";
		};
		EA36C5292808147B002369EE /* Network */ = {
			isa = PBXGroup;
			children = (
				EA7EBB4C28292C60007B4981 /* ServerCommunication */,
			);
			path = Network;
			sourceTree = "<group>";
		};
		EA36C52B280814B8002369EE /* PersistentStorages */ = {
			isa = PBXGroup;
			children = (
				EA36C52C280814C3002369EE /* CoreDataStorage */,
			);
			path = PersistentStorages;
			sourceTree = "<group>";
		};
		EA36C52C280814C3002369EE /* CoreDataStorage */ = {
			isa = PBXGroup;
			children = (
			);
			path = CoreDataStorage;
			sourceTree = "<group>";
		};
		EA36C52D2808151D002369EE /* ContetntView */ = {
			isa = PBXGroup;
			children = (
				EA36C52E2808152F002369EE /* View */,
			);
			path = ContetntView;
			sourceTree = "<group>";
		};
		EA36C52E2808152F002369EE /* View */ = {
			isa = PBXGroup;
			children = (
				EA36C5142807FECE002369EE /* ContentView.swift */,
			);
			path = View;
			sourceTree = "<group>";
		};
		EA36C52F28081540002369EE /* Resources */ = {
			isa = PBXGroup;
			children = (
				EA36C5162807FECF002369EE /* Assets.xcassets */,
				EA72AFE1282ED6C800F5892B /* ColorExtension.swift */,
			);
			path = Resources;
			sourceTree = "<group>";
		};
		EA36C53028081603002369EE /* HomeView */ = {
			isa = PBXGroup;
			children = (
				EA36C53128081804002369EE /* Home */,
				EAB3EFBD28119E1A007BF1B9 /* ThumbnailList */,
				EA36C534280818BC002369EE /* Thumbnail */,
			);
			path = HomeView;
			sourceTree = "<group>";
		};
		EA36C53128081804002369EE /* Home */ = {
			isa = PBXGroup;
			children = (
				EA36C5322808181F002369EE /* View */,
				EA36C53328081825002369EE /* ViewModel */,
			);
			path = Home;
			sourceTree = "<group>";
		};
		EA36C5322808181F002369EE /* View */ = {
			isa = PBXGroup;
			children = (
				EAB3EFBB28113CFF007BF1B9 /* HomeView.swift */,
			);
			path = View;
			sourceTree = "<group>";
		};
		EA36C53328081825002369EE /* ViewModel */ = {
			isa = PBXGroup;
			children = (
			);
			path = ViewModel;
			sourceTree = "<group>";
		};
		EA36C534280818BC002369EE /* Thumbnail */ = {
			isa = PBXGroup;
			children = (
				EA36C535280818D2002369EE /* View */,
				EA36C536280818DD002369EE /* ViewModel */,
			);
			path = Thumbnail;
			sourceTree = "<group>";
		};
		EA36C535280818D2002369EE /* View */ = {
			isa = PBXGroup;
			children = (
				EA36C53A28081B5A002369EE /* ThumbnailView.swift */,
			);
			path = View;
			sourceTree = "<group>";
		};
		EA36C536280818DD002369EE /* ViewModel */ = {
			isa = PBXGroup;
			children = (
				EA36C53E28081D09002369EE /* ThumbnailViewModel.swift */,
			);
			path = ViewModel;
			sourceTree = "<group>";
		};
		EA7EBB4C28292C60007B4981 /* ServerCommunication */ = {
			isa = PBXGroup;
			children = (
				EA7EBB4D28292CB2007B4981 /* request.swift */,
			);
			path = ServerCommunication;
			sourceTree = "<group>";
		};
		EAB3EFBD28119E1A007BF1B9 /* ThumbnailList */ = {
			isa = PBXGroup;
			children = (
				EAB3EFBE28119E44007BF1B9 /* View */,
				EAFE25AA282D2003009F899F /* ViewModel */,
			);
			path = ThumbnailList;
			sourceTree = "<group>";
		};
		EAB3EFBE28119E44007BF1B9 /* View */ = {
			isa = PBXGroup;
			children = (
				EAB3EFBF28119E52007BF1B9 /* ThumbnailViewListView.swift */,
			);
			path = View;
			sourceTree = "<group>";
		};
		EAD032E3281A62EB00705F42 /* EditContent */ = {
			isa = PBXGroup;
			children = (
				EAD032E4281A630400705F42 /* View */,
				EAD032E5281A630B00705F42 /* ViewModel */,
			);
			path = EditContent;
			sourceTree = "<group>";
		};
		EAD032E4281A630400705F42 /* View */ = {
			isa = PBXGroup;
			children = (
				EAD032E6281A633300705F42 /* EditContentView.swift */,
			);
			path = View;
			sourceTree = "<group>";
		};
		EAD032E5281A630B00705F42 /* ViewModel */ = {
			isa = PBXGroup;
			children = (
				EAD032EC281AB1B900705F42 /* EditContentViewModel.swift */,
			);
			path = ViewModel;
			sourceTree = "<group>";
		};
		EAF32C752812BC44003F15FE /* EditPageView */ = {
			isa = PBXGroup;
			children = (
				EAF32C762812BCA2003F15FE /* EditTitle */,
				EAD032E3281A62EB00705F42 /* EditContent */,
			);
			path = EditPageView;
			sourceTree = "<group>";
		};
		EAF32C762812BCA2003F15FE /* EditTitle */ = {
			isa = PBXGroup;
			children = (
				EAF32C772812BCBD003F15FE /* View */,
				EAF32C782812BCC8003F15FE /* ViewModel */,
			);
			path = EditTitle;
			sourceTree = "<group>";
		};
		EAF32C772812BCBD003F15FE /* View */ = {
			isa = PBXGroup;
			children = (
				EAF32C792812BCD7003F15FE /* EditTitleView.swift */,
			);
			path = View;
			sourceTree = "<group>";
		};
		EAF32C782812BCC8003F15FE /* ViewModel */ = {
			isa = PBXGroup;
			children = (
			);
			path = ViewModel;
			sourceTree = "<group>";
		};
		EAF32C7C2812C35F003F15FE /* NotificationView */ = {
			isa = PBXGroup;
			children = (
				EAF32C7D2812C3AE003F15FE /* Notification */,
			);
			path = NotificationView;
			sourceTree = "<group>";
		};
		EAF32C7D2812C3AE003F15FE /* Notification */ = {
			isa = PBXGroup;
			children = (
				EAF32C7F2812C3C9003F15FE /* View */,
				EAF32C7E2812C3B9003F15FE /* ViewModel */,
			);
			path = Notification;
			sourceTree = "<group>";
		};
		EAF32C7E2812C3B9003F15FE /* ViewModel */ = {
			isa = PBXGroup;
			children = (
				EA72AFE3282FDE7C00F5892B /* NotificationViewModel.swift */,
			);
			path = ViewModel;
			sourceTree = "<group>";
		};
		EAF32C7F2812C3C9003F15FE /* View */ = {
			isa = PBXGroup;
			children = (
				EAF32C802812C3D3003F15FE /* NotificationView.swift */,
			);
			path = View;
			sourceTree = "<group>";
		};
		EAFE25AA282D2003009F899F /* ViewModel */ = {
			isa = PBXGroup;
			children = (
				EAFE25AB282D2060009F899F /* ThumbnailViewListViewModel.swift */,
			);
			path = ViewModel;
			sourceTree = "<group>";
		};
/* End PBXGroup section */

/* Begin PBXNativeTarget section */
		EA36C50E2807FECE002369EE /* Paperful */ = {
			isa = PBXNativeTarget;
			buildConfigurationList = EA36C51D2807FECF002369EE /* Build configuration list for PBXNativeTarget "Paperful" */;
			buildPhases = (
				EA36C50B2807FECE002369EE /* Sources */,
				EA36C50C2807FECE002369EE /* Frameworks */,
				EA36C50D2807FECE002369EE /* Resources */,
			);
			buildRules = (
			);
			dependencies = (
			);
			name = Paperful;
			packageProductDependencies = (
				EA7EBB47282923D4007B4981 /* SwiftUIPullToRefresh */,
				EA7EBB4A28292980007B4981 /* Alamofire */,
			);
			productName = Paperful;
			productReference = EA36C50F2807FECE002369EE /* Paperful.app */;
			productType = "com.apple.product-type.application";
		};
/* End PBXNativeTarget section */

/* Begin PBXProject section */
		EA36C5072807FECE002369EE /* Project object */ = {
			isa = PBXProject;
			attributes = {
				BuildIndependentTargetsInParallel = 1;
				LastSwiftUpdateCheck = 1320;
				LastUpgradeCheck = 1320;
				TargetAttributes = {
					EA36C50E2807FECE002369EE = {
						CreatedOnToolsVersion = 13.2.1;
					};
				};
			};
			buildConfigurationList = EA36C50A2807FECE002369EE /* Build configuration list for PBXProject "Paperful" */;
			compatibilityVersion = "Xcode 13.0";
			developmentRegion = en;
			hasScannedForEncodings = 0;
			knownRegions = (
				en,
				Base,
			);
			mainGroup = EA36C5062807FECE002369EE;
			packageReferences = (
				EA7EBB46282923D4007B4981 /* XCRemoteSwiftPackageReference "swiftui-pull-to-refresh" */,
				EA7EBB4928292980007B4981 /* XCRemoteSwiftPackageReference "Alamofire" */,
			);
			productRefGroup = EA36C5102807FECE002369EE /* Products */;
			projectDirPath = "";
			projectRoot = "";
			targets = (
				EA36C50E2807FECE002369EE /* Paperful */,
			);
		};
/* End PBXProject section */

/* Begin PBXResourcesBuildPhase section */
		EA36C50D2807FECE002369EE /* Resources */ = {
			isa = PBXResourcesBuildPhase;
			buildActionMask = 2147483647;
			files = (
				EA36C51A2807FECF002369EE /* Preview Assets.xcassets in Resources */,
				EA36C5172807FECF002369EE /* Assets.xcassets in Resources */,
			);
			runOnlyForDeploymentPostprocessing = 0;
		};
/* End PBXResourcesBuildPhase section */

/* Begin PBXSourcesBuildPhase section */
		EA36C50B2807FECE002369EE /* Sources */ = {
			isa = PBXSourcesBuildPhase;
			buildActionMask = 2147483647;
			files = (
				EAD032E7281A633300705F42 /* EditContentView.swift in Sources */,
				EA7EBB4E28292CB2007B4981 /* request.swift in Sources */,
				EAD032ED281AB1B900705F42 /* EditContentViewModel.swift in Sources */,
				EA72AFE4282FDE7C00F5892B /* NotificationViewModel.swift in Sources */,
				EA36C53D28081BBD002369EE /* HomeModel.swift in Sources */,
				EAB3EFBC28113CFF007BF1B9 /* HomeView.swift in Sources */,
				833AB44C28354885006C5078 /* ConfigurationView.swift in Sources */,
				EAF32C812812C3D3003F15FE /* NotificationView.swift in Sources */,
				EA36C5152807FECE002369EE /* ContentView.swift in Sources */,
				EAFE25A9282A733E009F899F /* DataService.swift in Sources */,
				833AB443283546A6006C5078 /* MyPaperView.swift in Sources */,
				EA36C53B28081B5A002369EE /* ThumbnailView.swift in Sources */,
				EAF32C7A2812BCD7003F15FE /* EditTitleView.swift in Sources */,
				EAD032EB281AAF7B00705F42 /* LocalEditContentModel.swift in Sources */,
				833AB44528354778006C5078 /* ListView1.swift in Sources */,
				EAB3EFC028119E52007BF1B9 /* ThumbnailViewListView.swift in Sources */,
				83447544283EB5280071018A /* UImagePicker.swift in Sources */,
				EA36C53F28081D09002369EE /* ThumbnailViewModel.swift in Sources */,
				EA36C5132807FECE002369EE /* PaperfulApp.swift in Sources */,
				EAFE25AC282D2060009F899F /* ThumbnailViewListViewModel.swift in Sources */,
				EA72AFE2282ED6C800F5892B /* ColorExtension.swift in Sources */,
			);
			runOnlyForDeploymentPostprocessing = 0;
		};
/* End PBXSourcesBuildPhase section */

/* Begin XCBuildConfiguration section */
		EA36C51B2807FECF002369EE /* Debug */ = {
			isa = XCBuildConfiguration;
			buildSettings = {
				ALWAYS_SEARCH_USER_PATHS = NO;
				CLANG_ANALYZER_NONNULL = YES;
				CLANG_ANALYZER_NUMBER_OBJECT_CONVERSION = YES_AGGRESSIVE;
				CLANG_CXX_LANGUAGE_STANDARD = "gnu++17";
				CLANG_CXX_LIBRARY = "libc++";
				CLANG_ENABLE_MODULES = YES;
				CLANG_ENABLE_OBJC_ARC = YES;
				CLANG_ENABLE_OBJC_WEAK = YES;
				CLANG_WARN_BLOCK_CAPTURE_AUTORELEASING = YES;
				CLANG_WARN_BOOL_CONVERSION = YES;
				CLANG_WARN_COMMA = YES;
				CLANG_WARN_CONSTANT_CONVERSION = YES;
				CLANG_WARN_DEPRECATED_OBJC_IMPLEMENTATIONS = YES;
				CLANG_WARN_DIRECT_OBJC_ISA_USAGE = YES_ERROR;
				CLANG_WARN_DOCUMENTATION_COMMENTS = YES;
				CLANG_WARN_EMPTY_BODY = YES;
				CLANG_WARN_ENUM_CONVERSION = YES;
				CLANG_WARN_INFINITE_RECURSION = YES;
				CLANG_WARN_INT_CONVERSION = YES;
				CLANG_WARN_NON_LITERAL_NULL_CONVERSION = YES;
				CLANG_WARN_OBJC_IMPLICIT_RETAIN_SELF = YES;
				CLANG_WARN_OBJC_LITERAL_CONVERSION = YES;
				CLANG_WARN_OBJC_ROOT_CLASS = YES_ERROR;
				CLANG_WARN_QUOTED_INCLUDE_IN_FRAMEWORK_HEADER = YES;
				CLANG_WARN_RANGE_LOOP_ANALYSIS = YES;
				CLANG_WARN_STRICT_PROTOTYPES = YES;
				CLANG_WARN_SUSPICIOUS_MOVE = YES;
				CLANG_WARN_UNGUARDED_AVAILABILITY = YES_AGGRESSIVE;
				CLANG_WARN_UNREACHABLE_CODE = YES;
				CLANG_WARN__DUPLICATE_METHOD_MATCH = YES;
				COPY_PHASE_STRIP = NO;
				DEBUG_INFORMATION_FORMAT = dwarf;
				ENABLE_STRICT_OBJC_MSGSEND = YES;
				ENABLE_TESTABILITY = YES;
				GCC_C_LANGUAGE_STANDARD = gnu11;
				GCC_DYNAMIC_NO_PIC = NO;
				GCC_NO_COMMON_BLOCKS = YES;
				GCC_OPTIMIZATION_LEVEL = 0;
				GCC_PREPROCESSOR_DEFINITIONS = (
					"DEBUG=1",
					"$(inherited)",
				);
				GCC_WARN_64_TO_32_BIT_CONVERSION = YES;
				GCC_WARN_ABOUT_RETURN_TYPE = YES_ERROR;
				GCC_WARN_UNDECLARED_SELECTOR = YES;
				GCC_WARN_UNINITIALIZED_AUTOS = YES_AGGRESSIVE;
				GCC_WARN_UNUSED_FUNCTION = YES;
				GCC_WARN_UNUSED_VARIABLE = YES;
				IPHONEOS_DEPLOYMENT_TARGET = 15.2;
				MTL_ENABLE_DEBUG_INFO = INCLUDE_SOURCE;
				MTL_FAST_MATH = YES;
				ONLY_ACTIVE_ARCH = YES;
				SDKROOT = iphoneos;
				SWIFT_ACTIVE_COMPILATION_CONDITIONS = DEBUG;
				SWIFT_OPTIMIZATION_LEVEL = "-Onone";
			};
			name = Debug;
		};
		EA36C51C2807FECF002369EE /* Release */ = {
			isa = XCBuildConfiguration;
			buildSettings = {
				ALWAYS_SEARCH_USER_PATHS = NO;
				CLANG_ANALYZER_NONNULL = YES;
				CLANG_ANALYZER_NUMBER_OBJECT_CONVERSION = YES_AGGRESSIVE;
				CLANG_CXX_LANGUAGE_STANDARD = "gnu++17";
				CLANG_CXX_LIBRARY = "libc++";
				CLANG_ENABLE_MODULES = YES;
				CLANG_ENABLE_OBJC_ARC = YES;
				CLANG_ENABLE_OBJC_WEAK = YES;
				CLANG_WARN_BLOCK_CAPTURE_AUTORELEASING = YES;
				CLANG_WARN_BOOL_CONVERSION = YES;
				CLANG_WARN_COMMA = YES;
				CLANG_WARN_CONSTANT_CONVERSION = YES;
				CLANG_WARN_DEPRECATED_OBJC_IMPLEMENTATIONS = YES;
				CLANG_WARN_DIRECT_OBJC_ISA_USAGE = YES_ERROR;
				CLANG_WARN_DOCUMENTATION_COMMENTS = YES;
				CLANG_WARN_EMPTY_BODY = YES;
				CLANG_WARN_ENUM_CONVERSION = YES;
				CLANG_WARN_INFINITE_RECURSION = YES;
				CLANG_WARN_INT_CONVERSION = YES;
				CLANG_WARN_NON_LITERAL_NULL_CONVERSION = YES;
				CLANG_WARN_OBJC_IMPLICIT_RETAIN_SELF = YES;
				CLANG_WARN_OBJC_LITERAL_CONVERSION = YES;
				CLANG_WARN_OBJC_ROOT_CLASS = YES_ERROR;
				CLANG_WARN_QUOTED_INCLUDE_IN_FRAMEWORK_HEADER = YES;
				CLANG_WARN_RANGE_LOOP_ANALYSIS = YES;
				CLANG_WARN_STRICT_PROTOTYPES = YES;
				CLANG_WARN_SUSPICIOUS_MOVE = YES;
				CLANG_WARN_UNGUARDED_AVAILABILITY = YES_AGGRESSIVE;
				CLANG_WARN_UNREACHABLE_CODE = YES;
				CLANG_WARN__DUPLICATE_METHOD_MATCH = YES;
				COPY_PHASE_STRIP = NO;
				DEBUG_INFORMATION_FORMAT = "dwarf-with-dsym";
				ENABLE_NS_ASSERTIONS = NO;
				ENABLE_STRICT_OBJC_MSGSEND = YES;
				GCC_C_LANGUAGE_STANDARD = gnu11;
				GCC_NO_COMMON_BLOCKS = YES;
				GCC_WARN_64_TO_32_BIT_CONVERSION = YES;
				GCC_WARN_ABOUT_RETURN_TYPE = YES_ERROR;
				GCC_WARN_UNDECLARED_SELECTOR = YES;
				GCC_WARN_UNINITIALIZED_AUTOS = YES_AGGRESSIVE;
				GCC_WARN_UNUSED_FUNCTION = YES;
				GCC_WARN_UNUSED_VARIABLE = YES;
				IPHONEOS_DEPLOYMENT_TARGET = 15.2;
				MTL_ENABLE_DEBUG_INFO = NO;
				MTL_FAST_MATH = YES;
				SDKROOT = iphoneos;
				SWIFT_COMPILATION_MODE = wholemodule;
				SWIFT_OPTIMIZATION_LEVEL = "-O";
				VALIDATE_PRODUCT = YES;
			};
			name = Release;
		};
		EA36C51E2807FECF002369EE /* Debug */ = {
			isa = XCBuildConfiguration;
			buildSettings = {
				ASSETCATALOG_COMPILER_APPICON_NAME = AppIcon;
				ASSETCATALOG_COMPILER_GLOBAL_ACCENT_COLOR_NAME = AccentColor;
				CODE_SIGN_STYLE = Automatic;
				CURRENT_PROJECT_VERSION = 1;
				DEVELOPMENT_ASSET_PATHS = "\"Paperful/Preview Content\"";
				DEVELOPMENT_TEAM = "";
				ENABLE_PREVIEWS = YES;
				GENERATE_INFOPLIST_FILE = YES;
				INFOPLIST_FILE = Paperful/Info.plist;
				INFOPLIST_KEY_UIApplicationSceneManifest_Generation = YES;
				INFOPLIST_KEY_UIApplicationSupportsIndirectInputEvents = YES;
				INFOPLIST_KEY_UILaunchScreen_Generation = YES;
				INFOPLIST_KEY_UISupportedInterfaceOrientations_iPad = "UIInterfaceOrientationPortrait UIInterfaceOrientationPortraitUpsideDown UIInterfaceOrientationLandscapeLeft UIInterfaceOrientationLandscapeRight";
				INFOPLIST_KEY_UISupportedInterfaceOrientations_iPhone = "UIInterfaceOrientationPortrait UIInterfaceOrientationLandscapeLeft UIInterfaceOrientationLandscapeRight";
				LD_RUNPATH_SEARCH_PATHS = (
					"$(inherited)",
					"@executable_path/Frameworks",
				);
				MARKETING_VERSION = 1.0;
				PRODUCT_BUNDLE_IDENTIFIER = "flamozzi-paperful.Paperful";
				PRODUCT_NAME = "$(TARGET_NAME)";
				SWIFT_EMIT_LOC_STRINGS = YES;
				SWIFT_VERSION = 5.0;
				TARGETED_DEVICE_FAMILY = "1,2";
			};
			name = Debug;
		};
		EA36C51F2807FECF002369EE /* Release */ = {
			isa = XCBuildConfiguration;
			buildSettings = {
				ASSETCATALOG_COMPILER_APPICON_NAME = AppIcon;
				ASSETCATALOG_COMPILER_GLOBAL_ACCENT_COLOR_NAME = AccentColor;
				CODE_SIGN_STYLE = Automatic;
				CURRENT_PROJECT_VERSION = 1;
				DEVELOPMENT_ASSET_PATHS = "\"Paperful/Preview Content\"";
				DEVELOPMENT_TEAM = "";
				ENABLE_PREVIEWS = YES;
				GENERATE_INFOPLIST_FILE = YES;
				INFOPLIST_FILE = Paperful/Info.plist;
				INFOPLIST_KEY_UIApplicationSceneManifest_Generation = YES;
				INFOPLIST_KEY_UIApplicationSupportsIndirectInputEvents = YES;
				INFOPLIST_KEY_UILaunchScreen_Generation = YES;
				INFOPLIST_KEY_UISupportedInterfaceOrientations_iPad = "UIInterfaceOrientationPortrait UIInterfaceOrientationPortraitUpsideDown UIInterfaceOrientationLandscapeLeft UIInterfaceOrientationLandscapeRight";
				INFOPLIST_KEY_UISupportedInterfaceOrientations_iPhone = "UIInterfaceOrientationPortrait UIInterfaceOrientationLandscapeLeft UIInterfaceOrientationLandscapeRight";
				LD_RUNPATH_SEARCH_PATHS = (
					"$(inherited)",
					"@executable_path/Frameworks",
				);
				MARKETING_VERSION = 1.0;
				PRODUCT_BUNDLE_IDENTIFIER = "flamozzi-paperful.Paperful";
				PRODUCT_NAME = "$(TARGET_NAME)";
				SWIFT_EMIT_LOC_STRINGS = YES;
				SWIFT_VERSION = 5.0;
				TARGETED_DEVICE_FAMILY = "1,2";
			};
			name = Release;
		};
/* End XCBuildConfiguration section */

/* Begin XCConfigurationList section */
		EA36C50A2807FECE002369EE /* Build configuration list for PBXProject "Paperful" */ = {
			isa = XCConfigurationList;
			buildConfigurations = (
				EA36C51B2807FECF002369EE /* Debug */,
				EA36C51C2807FECF002369EE /* Release */,
			);
			defaultConfigurationIsVisible = 0;
			defaultConfigurationName = Release;
		};
		EA36C51D2807FECF002369EE /* Build configuration list for PBXNativeTarget "Paperful" */ = {
			isa = XCConfigurationList;
			buildConfigurations = (
				EA36C51E2807FECF002369EE /* Debug */,
				EA36C51F2807FECF002369EE /* Release */,
			);
			defaultConfigurationIsVisible = 0;
			defaultConfigurationName = Release;
		};
/* End XCConfigurationList section */

/* Begin XCRemoteSwiftPackageReference section */
		EA7EBB46282923D4007B4981 /* XCRemoteSwiftPackageReference "swiftui-pull-to-refresh" */ = {
			isa = XCRemoteSwiftPackageReference;
			repositoryURL = "https://github.com/globulus/swiftui-pull-to-refresh";
			requirement = {
				kind = upToNextMajorVersion;
				minimumVersion = 1.0.0;
			};
		};
		EA7EBB4928292980007B4981 /* XCRemoteSwiftPackageReference "Alamofire" */ = {
			isa = XCRemoteSwiftPackageReference;
			repositoryURL = "https://github.com/Alamofire/Alamofire.git";
			requirement = {
				kind = upToNextMajorVersion;
				minimumVersion = 5.0.0;
			};
		};
/* End XCRemoteSwiftPackageReference section */

/* Begin XCSwiftPackageProductDependency section */
		EA7EBB47282923D4007B4981 /* SwiftUIPullToRefresh */ = {
			isa = XCSwiftPackageProductDependency;
			package = EA7EBB46282923D4007B4981 /* XCRemoteSwiftPackageReference "swiftui-pull-to-refresh" */;
			productName = SwiftUIPullToRefresh;
		};
		EA7EBB4A28292980007B4981 /* Alamofire */ = {
			isa = XCSwiftPackageProductDependency;
			package = EA7EBB4928292980007B4981 /* XCRemoteSwiftPackageReference "Alamofire" */;
			productName = Alamofire;
		};
/* End XCSwiftPackageProductDependency section */
	};
	rootObject = EA36C5072807FECE002369EE /* Project object */;
}
